// !$*UTF8*$!
{
	archiveVersion = 1;
	classes = {
	};
	objectVersion = 77;
	objects = {

/* Begin PBXBuildFile section */
		742B023930627A8E003C7B8C /* Assets.xcassets in Resources */ = {isa = PBXBuildFile; fileRef = 742B01E130627A8E003C7B8C /* Assets.xcassets */; };
		742B023A30627A8E003C7B8C /* GoogleService-Info.plist in Resources */ = {isa = PBXBuildFile; fileRef = 742B01E230627A8E003C7B8C /* GoogleService-Info.plist */; };
		742B023C30627A8E003C7B8C /* Localizable.xcstrings in Resources */ = {isa = PBXBuildFile; fileRef = 742B01E430627A8E003C7B8C /* Localizable.xcstrings */; };
		742B023D30627A8E003C7B8C /* Secrets.xcconfig in Resources */ = {isa = PBXBuildFile; fileRef = 742B01E530627A8E003C7B8C /* Secrets.xcconfig */; };
		742B023E30627A8E003C7B8C /* ContentView.swift in Sources */ = {isa = PBXBuildFile; fileRef = 742B01BC30627A8E003C7B8C /* ContentView.swift */; };
		742B023F30627A8E003C7B8C /* MovaApp.swift in Sources */ = {isa = PBXBuildFile; fileRef = 742B01BD30627A8E003C7B8C /* MovaApp.swift */; };
		742B024030627A8E003C7B8C /* CategoryChip.swift in Sources */ = {isa = PBXBuildFile; fileRef = 742B01BF30627A8E003C7B8C /* CategoryChip.swift */; };
		742B024130627A8E003C7B8C /* MoviePosterCard.swift in Sources */ = {isa = PBXBuildFile; fileRef = 742B01C030627A8E003C7B8C /* MoviePosterCard.swift */; };
		742B024230627A8E003C7B8C /* MoviePosterGrid.swift in Sources */ = {isa = PBXBuildFile; fileRef = 742B01C130627A8E003C7B8C /* MoviePosterGrid.swift */; };
		742B024330627A8E003C7B8C /* AppLanguage.swift in Sources */ = {isa = PBXBuildFile; fileRef = 742B01C430627A8E003C7B8C /* AppLanguage.swift */; };
		742B024430627A8E003C7B8C /* AppRoot.swift in Sources */ = {isa = PBXBuildFile; fileRef = 742B01C630627A8E003C7B8C /* AppRoot.swift */; };
		742B024530627A8E003C7B8C /* AppStateController.swift in Sources */ = {isa = PBXBuildFile; fileRef = 742B01C730627A8E003C7B8C /* AppStateController.swift */; };
		742B024630627A8E003C7B8C /* AuthRoute.swift in Sources */ = {isa = PBXBuildFile; fileRef = 742B01C830627A8E003C7B8C /* AuthRoute.swift */; };
		742B024730627A8E003C7B8C /* AuthRouter.swift in Sources */ = {isa = PBXBuildFile; fileRef = 742B01C930627A8E003C7B8C /* AuthRouter.swift */; };
		742B024830627A8E003C7B8C /* DownloadService.swift in Sources */ = {isa = PBXBuildFile; fileRef = 742B01CB30627A8E003C7B8C /* DownloadService.swift */; };
		742B024930627A8E003C7B8C /* TimeoutError.swift in Sources */ = {isa = PBXBuildFile; fileRef = 742B01CC30627A8E003C7B8C /* TimeoutError.swift */; };
		742B024A30627A8E003C7B8C /* TMDBService.swift in Sources */ = {isa = PBXBuildFile; fileRef = 742B01CD30627A8E003C7B8C /* TMDBService.swift */; };
		742B024B30627A8E003C7B8C /* NotificationManager.swift in Sources */ = {isa = PBXBuildFile; fileRef = 742B01CF30627A8E003C7B8C /* NotificationManager.swift */; };
		742B024C30627A8E003C7B8C /* DownloadedMovieModel.swift in Sources */ = {isa = PBXBuildFile; fileRef = 742B01D130627A8E003C7B8C /* DownloadedMovieModel.swift */; };
		742B024D30627A8E003C7B8C /* SavedMovie.swift in Sources */ = {isa = PBXBuildFile; fileRef = 742B01D230627A8E003C7B8C /* SavedMovie.swift */; };
		742B024E30627A8E003C7B8C /* AuthFieldStyle.swift in Sources */ = {isa = PBXBuildFile; fileRef = 742B01D430627A8E003C7B8C /* AuthFieldStyle.swift */; };
		742B024F30627A8E003C7B8C /* AuthLogoModifier.swift in Sources */ = {isa = PBXBuildFile; fileRef = 742B01D530627A8E003C7B8C /* AuthLogoModifier.swift */; };
		742B025030627A8E003C7B8C /* AuthScreenBackground.swift in Sources */ = {isa = PBXBuildFile; fileRef = 742B01D630627A8E003C7B8C /* AuthScreenBackground.swift */; };
		742B025130627A8E003C7B8C /* AuthTitleStyle.swift in Sources */ = {isa = PBXBuildFile; fileRef = 742B01D730627A8E003C7B8C /* AuthTitleStyle.swift */; };
		742B025230627A8E003C7B8C /* BorderedCardStyle.swift in Sources */ = {isa = PBXBuildFile; fileRef = 742B01D830627A8E003C7B8C /* BorderedCardStyle.swift */; };
		742B025330627A8E003C7B8C /* CapsuleButtonStyle.swift in Sources */ = {isa = PBXBuildFile; fileRef = 742B01D930627A8E003C7B8C /* CapsuleButtonStyle.swift */; };
		742B025430627A8E003C7B8C /* ErrorTextStyle.swift in Sources */ = {isa = PBXBuildFile; fileRef = 742B01DA30627A8E003C7B8C /* ErrorTextStyle.swift */; };
		742B025530627A8E003C7B8C /* SectionTitleStyle.swift in Sources */ = {isa = PBXBuildFile; fileRef = 742B01DB30627A8E003C7B8C /* SectionTitleStyle.swift */; };
		742B025630627A8E003C7B8C /* Movie.swift in Sources */ = {isa = PBXBuildFile; fileRef = 742B01DE30627A8E003C7B8C /* Movie.swift */; };
		742B025730627A8E003C7B8C /* User.swift in Sources */ = {isa = PBXBuildFile; fileRef = 742B01DF30627A8E003C7B8C /* User.swift */; };
		742B025830627A8E003C7B8C /* AuthFooterLink.swift in Sources */ = {isa = PBXBuildFile; fileRef = 742B01E730627A8E003C7B8C /* AuthFooterLink.swift */; };
		742B025930627A8E003C7B8C /* AuthLogo.swift in Sources */ = {isa = PBXBuildFile; fileRef = 742B01E830627A8E003C7B8C /* AuthLogo.swift */; };
		742B025A30627A8E003C7B8C /* BackButton.swift in Sources */ = {isa = PBXBuildFile; fileRef = 742B01E930627A8E003C7B8C /* BackButton.swift */; };
		742B025B30627A8E003C7B8C /* CircleSocialButton.swift in Sources */ = {isa = PBXBuildFile; fileRef = 742B01EA30627A8E003C7B8C /* CircleSocialButton.swift */; };
		742B025C30627A8E003C7B8C /* EmailField.swift in Sources */ = {isa = PBXBuildFile; fileRef = 742B01EB30627A8E003C7B8C /* EmailField.swift */; };
		742B025D30627A8E003C7B8C /* OrDivider.swift in Sources */ = {isa = PBXBuildFile; fileRef = 742B01EC30627A8E003C7B8C /* OrDivider.swift */; };
		742B025E30627A8E003C7B8C /* PasswordField.swift in Sources */ = {isa = PBXBuildFile; fileRef = 742B01ED30627A8E003C7B8C /* PasswordField.swift */; };
		742B025F30627A8E003C7B8C /* PrimaryButton.swift in Sources */ = {isa = PBXBuildFile; fileRef = 742B01EE30627A8E003C7B8C /* PrimaryButton.swift */; };
		742B026030627A8E003C7B8C /* RememberMeToggle.swift in Sources */ = {isa = PBXBuildFile; fileRef = 742B01EF30627A8E003C7B8C /* RememberMeToggle.swift */; };
		742B026130627A8E003C7B8C /* SocialIconsRow.swift in Sources */ = {isa = PBXBuildFile; fileRef = 742B01F030627A8E003C7B8C /* SocialIconsRow.swift */; };
		742B026230627A8E003C7B8C /* SocialLoginButton.swift in Sources */ = {isa = PBXBuildFile; fileRef = 742B01F130627A8E003C7B8C /* SocialLoginButton.swift */; };
		742B026330627A8E003C7B8C /* IllustrationCircle.swift in Sources */ = {isa = PBXBuildFile; fileRef = 742B01F330627A8E003C7B8C /* IllustrationCircle.swift */; };
		742B026430627A8E003C7B8C /* LetsYouInView.swift in Sources */ = {isa = PBXBuildFile; fileRef = 742B01F530627A8E003C7B8C /* LetsYouInView.swift */; };
		742B026530627A8E003C7B8C /* LoginView.swift in Sources */ = {isa = PBXBuildFile; fileRef = 742B01F830627A8E003C7B8C /* LoginView.swift */; };
		742B026630627A8E003C7B8C /* PageIndicator.swift in Sources */ = {isa = PBXBuildFile; fileRef = 742B01FB30627A8E003C7B8C /* PageIndicator.swift */; };
		742B026730627A8E003C7B8C /* OnboardingView.swift in Sources */ = {isa = PBXBuildFile; fileRef = 742B01FD30627A8E003C7B8C /* OnboardingView.swift */; };
		742B026830627A8E003C7B8C /* AuthService.swift in Sources */ = {isa = PBXBuildFile; fileRef = 742B020030627A8E003C7B8C /* AuthService.swift */; };
		742B026930627A8E003C7B8C /* UsernameField.swift in Sources */ = {isa = PBXBuildFile; fileRef = 742B020230627A8E003C7B8C /* UsernameField.swift */; };
		742B026A30627A8E003C7B8C /* SignUpView.swift in Sources */ = {isa = PBXBuildFile; fileRef = 742B020430627A8E003C7B8C /* SignUpView.swift */; };
		742B026B30627A8E003C7B8C /* SplashView.swift in Sources */ = {isa = PBXBuildFile; fileRef = 742B020730627A8E003C7B8C /* SplashView.swift */; };
		742B026C30627A8E003C7B8C /* AuthViewModel.swift in Sources */ = {isa = PBXBuildFile; fileRef = 742B020A30627A8E003C7B8C /* AuthViewModel.swift */; };
		742B026E30627A8E003C7B8C /* DownloadRow.swift in Sources */ = {isa = PBXBuildFile; fileRef = 742B020E30627A8E003C7B8C /* DownloadRow.swift */; };
		742B026F30627A8E003C7B8C /* DeleteDownloadSheet.swift in Sources */ = {isa = PBXBuildFile; fileRef = 742B021030627A8E003C7B8C /* DeleteDownloadSheet.swift */; };
		742B027030627A8E003C7B8C /* DownloadView.swift in Sources */ = {isa = PBXBuildFile; fileRef = 742B021130627A8E003C7B8C /* DownloadView.swift */; };
		742B027130627A8E003C7B8C /* NotFoundView.swift in Sources */ = {isa = PBXBuildFile; fileRef = 742B021430627A8E003C7B8C /* NotFoundView.swift */; };
		742B027230627A8E003C7B8C /* SearchSuggestionRow.swift in Sources */ = {isa = PBXBuildFile; fileRef = 742B021530627A8E003C7B8C /* SearchSuggestionRow.swift */; };
		742B027330627A8E003C7B8C /* ExploreView.swift in Sources */ = {isa = PBXBuildFile; fileRef = 742B021730627A8E003C7B8C /* ExploreView.swift */; };
		742B027430627A8E003C7B8C /* FilterSheetView.swift in Sources */ = {isa = PBXBuildFile; fileRef = 742B021830627A8E003C7B8C /* FilterSheetView.swift */; };
		742B027530627A8E003C7B8C /* ExploreViewModel.swift in Sources */ = {isa = PBXBuildFile; fileRef = 742B021A30627A8E003C7B8C /* ExploreViewModel.swift */; };
		742B027630627A8E003C7B8C /* FeaturedMovieBanner.swift in Sources */ = {isa = PBXBuildFile; fileRef = 742B021D30627A8E003C7B8C /* FeaturedMovieBanner.swift */; };
		742B027730627A8E003C7B8C /* HomeView.swift in Sources */ = {isa = PBXBuildFile; fileRef = 742B021F30627A8E003C7B8C /* HomeView.swift */; };
		742B027830627A8E003C7B8C /* HomeViewModel.swift in Sources */ = {isa = PBXBuildFile; fileRef = 742B022130627A8E003C7B8C /* HomeViewModel.swift */; };
		742B027930627A8E003C7B8C /* MovieDetailView.swift in Sources */ = {isa = PBXBuildFile; fileRef = 742B022430627A8E003C7B8C /* MovieDetailView.swift */; };
		742B027A30627A8E003C7B8C /* MovieListView.swift in Sources */ = {isa = PBXBuildFile; fileRef = 742B022730627A8E003C7B8C /* MovieListView.swift */; };
		742B027B30627A8E003C7B8C /* MainTabView.swift in Sources */ = {isa = PBXBuildFile; fileRef = 742B022B30627A8E003C7B8C /* MainTabView.swift */; };
		742B027C30627A8E003C7B8C /* MyListView.swift in Sources */ = {isa = PBXBuildFile; fileRef = 742B022D30627A8E003C7B8C /* MyListView.swift */; };
		742B027D30627A8E003C7B8C /* LanguagePickerSheet.swift in Sources */ = {isa = PBXBuildFile; fileRef = 742B022F30627A8E003C7B8C /* LanguagePickerSheet.swift */; };
		742B027E30627A8E003C7B8C /* ProfileMenuRow.swift in Sources */ = {isa = PBXBuildFile; fileRef = 742B023030627A8E003C7B8C /* ProfileMenuRow.swift */; };
		742B027F30627A8E003C7B8C /* NotificationSettingsView.swift in Sources */ = {isa = PBXBuildFile; fileRef = 742B023230627A8E003C7B8C /* NotificationSettingsView.swift */; };
		742B028030627A8E003C7B8C /* ProfileView.swift in Sources */ = {isa = PBXBuildFile; fileRef = 742B023430627A8E003C7B8C /* ProfileView.swift */; };
		742B02843062A8BC003C7B8C /* AuthFlowView.swift in Sources */ = {isa = PBXBuildFile; fileRef = 742B02823062A8BC003C7B8C /* AuthFlowView.swift */; };
		74364494304E97C4001137C1 /* FirebaseAuth in Frameworks */ = {isa = PBXBuildFile; productRef = 74364493304E97C4001137C1 /* FirebaseAuth */; };
		74364496304E97C4001137C1 /* FirebaseCore in Frameworks */ = {isa = PBXBuildFile; productRef = 74364495304E97C4001137C1 /* FirebaseCore */; };
		74364498304E97C4001137C1 /* FirebaseFirestore in Frameworks */ = {isa = PBXBuildFile; productRef = 74364497304E97C4001137C1 /* FirebaseFirestore */; };
		7436449A304E97C4001137C1 /* FirebaseStorage in Frameworks */ = {isa = PBXBuildFile; productRef = 74364499304E97C4001137C1 /* FirebaseStorage */; };
		7442E665306676060027740D /* CastMember.swift in Sources */ = {isa = PBXBuildFile; fileRef = 7442E664306676060027740D /* CastMember.swift */; };
		7442E6673066763B0027740D /* CrewMember.swift in Sources */ = {isa = PBXBuildFile; fileRef = 7442E6663066763B0027740D /* CrewMember.swift */; };
		7442E669306676450027740D /* CreditsResponse.swift in Sources */ = {isa = PBXBuildFile; fileRef = 7442E668306676450027740D /* CreditsResponse.swift */; };
		7442E66F306676E40027740D /* CastCrewRow.swift in Sources */ = {isa = PBXBuildFile; fileRef = 7442E66D306676E40027740D /* CastCrewRow.swift */; };
		7442E6713066783F0027740D /* MovieVideo.swift in Sources */ = {isa = PBXBuildFile; fileRef = 7442E6703066783F0027740D /* MovieVideo.swift */; };
		7442E673306679250027740D /* DetailTab.swift in Sources */ = {isa = PBXBuildFile; fileRef = 7442E672306679250027740D /* DetailTab.swift */; };
		7442E675306679340027740D /* TrailersListView.swift in Sources */ = {isa = PBXBuildFile; fileRef = 7442E674306679340027740D /* TrailersListView.swift */; };
		7442E677306679440027740D /* CommentsPlaceholderView.swift in Sources */ = {isa = PBXBuildFile; fileRef = 7442E676306679440027740D /* CommentsPlaceholderView.swift */; };
		74AC1408306A39BC0092D5F9 /* OnboardingPage.swift in Sources */ = {isa = PBXBuildFile; fileRef = 74AC1407306A39BC0092D5F9 /* OnboardingPage.swift */; };
		74AC140A306A3A000092D5F9 /* OnboardingPageView.swift in Sources */ = {isa = PBXBuildFile; fileRef = 74AC1409306A3A000092D5F9 /* OnboardingPageView.swift */; };
		74D5598F30664A52001E8DC0 /* TrailerLauncher.swift in Sources */ = {isa = PBXBuildFile; fileRef = 74D5598E30664A52001E8DC0 /* TrailerLauncher.swift */; };
		74D736883064F7A900BC15EC /* AppTab.swift in Sources */ = {isa = PBXBuildFile; fileRef = 74D736873064F7A900BC15EC /* AppTab.swift */; };
		74D7368A3064FAF100BC15EC /* ActiveFilter.swift in Sources */ = {isa = PBXBuildFile; fileRef = 74D736893064FAF100BC15EC /* ActiveFilter.swift */; };
/* End PBXBuildFile section */

/* Begin PBXFileReference section */
		742B01BC30627A8E003C7B8C /* ContentView.swift */ = {isa = PBXFileReference; lastKnownFileType = sourcecode.swift; path = ContentView.swift; sourceTree = "<group>"; };
		742B01BD30627A8E003C7B8C /* MovaApp.swift */ = {isa = PBXFileReference; lastKnownFileType = sourcecode.swift; path = MovaApp.swift; sourceTree = "<group>"; };
		742B01BF30627A8E003C7B8C /* CategoryChip.swift */ = {isa = PBXFileReference; lastKnownFileType = sourcecode.swift; path = CategoryChip.swift; sourceTree = "<group>"; };
		742B01C030627A8E003C7B8C /* MoviePosterCard.swift */ = {isa = PBXFileReference; lastKnownFileType = sourcecode.swift; path = MoviePosterCard.swift; sourceTree = "<group>"; };
		742B01C130627A8E003C7B8C /* MoviePosterGrid.swift */ = {isa = PBXFileReference; lastKnownFileType = sourcecode.swift; path = MoviePosterGrid.swift; sourceTree = "<group>"; };
		742B01C430627A8E003C7B8C /* AppLanguage.swift */ = {isa = PBXFileReference; lastKnownFileType = sourcecode.swift; path = AppLanguage.swift; sourceTree = "<group>"; };
		742B01C630627A8E003C7B8C /* AppRoot.swift */ = {isa = PBXFileReference; lastKnownFileType = sourcecode.swift; path = AppRoot.swift; sourceTree = "<group>"; };
		742B01C730627A8E003C7B8C /* AppStateController.swift */ = {isa = PBXFileReference; lastKnownFileType = sourcecode.swift; path = AppStateController.swift; sourceTree = "<group>"; };
		742B01C830627A8E003C7B8C /* AuthRoute.swift */ = {isa = PBXFileReference; lastKnownFileType = sourcecode.swift; path = AuthRoute.swift; sourceTree = "<group>"; };
		742B01C930627A8E003C7B8C /* AuthRouter.swift */ = {isa = PBXFileReference; lastKnownFileType = sourcecode.swift; path = AuthRouter.swift; sourceTree = "<group>"; };
		742B01CB30627A8E003C7B8C /* DownloadService.swift */ = {isa = PBXFileReference; lastKnownFileType = sourcecode.swift; path = DownloadService.swift; sourceTree = "<group>"; };
		742B01CC30627A8E003C7B8C /* TimeoutError.swift */ = {isa = PBXFileReference; lastKnownFileType = sourcecode.swift; path = TimeoutError.swift; sourceTree = "<group>"; };
		742B01CD30627A8E003C7B8C /* TMDBService.swift */ = {isa = PBXFileReference; lastKnownFileType = sourcecode.swift; path = TMDBService.swift; sourceTree = "<group>"; };
		742B01CF30627A8E003C7B8C /* NotificationManager.swift */ = {isa = PBXFileReference; lastKnownFileType = sourcecode.swift; path = NotificationManager.swift; sourceTree = "<group>"; };
		742B01D130627A8E003C7B8C /* DownloadedMovieModel.swift */ = {isa = PBXFileReference; lastKnownFileType = sourcecode.swift; path = DownloadedMovieModel.swift; sourceTree = "<group>"; };
		742B01D230627A8E003C7B8C /* SavedMovie.swift */ = {isa = PBXFileReference; lastKnownFileType = sourcecode.swift; path = SavedMovie.swift; sourceTree = "<group>"; };
		742B01D430627A8E003C7B8C /* AuthFieldStyle.swift */ = {isa = PBXFileReference; lastKnownFileType = sourcecode.swift; path = AuthFieldStyle.swift; sourceTree = "<group>"; };
		742B01D530627A8E003C7B8C /* AuthLogoModifier.swift */ = {isa = PBXFileReference; lastKnownFileType = sourcecode.swift; path = AuthLogoModifier.swift; sourceTree = "<group>"; };
		742B01D630627A8E003C7B8C /* AuthScreenBackground.swift */ = {isa = PBXFileReference; lastKnownFileType = sourcecode.swift; path = AuthScreenBackground.swift; sourceTree = "<group>"; };
		742B01D730627A8E003C7B8C /* AuthTitleStyle.swift */ = {isa = PBXFileReference; lastKnownFileType = sourcecode.swift; path = AuthTitleStyle.swift; sourceTree = "<group>"; };
		742B01D830627A8E003C7B8C /* BorderedCardStyle.swift */ = {isa = PBXFileReference; lastKnownFileType = sourcecode.swift; path = BorderedCardStyle.swift; sourceTree = "<group>"; };
		742B01D930627A8E003C7B8C /* CapsuleButtonStyle.swift */ = {isa = PBXFileReference; lastKnownFileType = sourcecode.swift; path = CapsuleButtonStyle.swift; sourceTree = "<group>"; };
		742B01DA30627A8E003C7B8C /* ErrorTextStyle.swift */ = {isa = PBXFileReference; lastKnownFileType = sourcecode.swift; path = ErrorTextStyle.swift; sourceTree = "<group>"; };
		742B01DB30627A8E003C7B8C /* SectionTitleStyle.swift */ = {isa = PBXFileReference; lastKnownFileType = sourcecode.swift; path = SectionTitleStyle.swift; sourceTree = "<group>"; };
		742B01DE30627A8E003C7B8C /* Movie.swift */ = {isa = PBXFileReference; lastKnownFileType = sourcecode.swift; path = Movie.swift; sourceTree = "<group>"; };
		742B01DF30627A8E003C7B8C /* User.swift */ = {isa = PBXFileReference; lastKnownFileType = sourcecode.swift; path = User.swift; sourceTree = "<group>"; };
		742B01E130627A8E003C7B8C /* Assets.xcassets */ = {isa = PBXFileReference; lastKnownFileType = folder.assetcatalog; path = Assets.xcassets; sourceTree = "<group>"; };
		742B01E230627A8E003C7B8C /* GoogleService-Info.plist */ = {isa = PBXFileReference; lastKnownFileType = text.plist.xml; path = "GoogleService-Info.plist"; sourceTree = "<group>"; };
		742B01E330627A8E003C7B8C /* Info.plist */ = {isa = PBXFileReference; lastKnownFileType = text.plist.xml; path = Info.plist; sourceTree = "<group>"; };
		742B01E430627A8E003C7B8C /* Localizable.xcstrings */ = {isa = PBXFileReference; lastKnownFileType = text.json.xcstrings; path = Localizable.xcstrings; sourceTree = "<group>"; };
		742B01E530627A8E003C7B8C /* Secrets.xcconfig */ = {isa = PBXFileReference; lastKnownFileType = text.xcconfig; path = Secrets.xcconfig; sourceTree = "<group>"; };
		742B01E730627A8E003C7B8C /* AuthFooterLink.swift */ = {isa = PBXFileReference; lastKnownFileType = sourcecode.swift; path = AuthFooterLink.swift; sourceTree = "<group>"; };
		742B01E830627A8E003C7B8C /* AuthLogo.swift */ = {isa = PBXFileReference; lastKnownFileType = sourcecode.swift; path = AuthLogo.swift; sourceTree = "<group>"; };
		742B01E930627A8E003C7B8C /* BackButton.swift */ = {isa = PBXFileReference; lastKnownFileType = sourcecode.swift; path = BackButton.swift; sourceTree = "<group>"; };
		742B01EA30627A8E003C7B8C /* CircleSocialButton.swift */ = {isa = PBXFileReference; lastKnownFileType = sourcecode.swift; path = CircleSocialButton.swift; sourceTree = "<group>"; };
		742B01EB30627A8E003C7B8C /* EmailField.swift */ = {isa = PBXFileReference; lastKnownFileType = sourcecode.swift; path = EmailField.swift; sourceTree = "<group>"; };
		742B01EC30627A8E003C7B8C /* OrDivider.swift */ = {isa = PBXFileReference; lastKnownFileType = sourcecode.swift; path = OrDivider.swift; sourceTree = "<group>"; };
		742B01ED30627A8E003C7B8C /* PasswordField.swift */ = {isa = PBXFileReference; lastKnownFileType = sourcecode.swift; path = PasswordField.swift; sourceTree = "<group>"; };
		742B01EE30627A8E003C7B8C /* PrimaryButton.swift */ = {isa = PBXFileReference; lastKnownFileType = sourcecode.swift; path = PrimaryButton.swift; sourceTree = "<group>"; };
		742B01EF30627A8E003C7B8C /* RememberMeToggle.swift */ = {isa = PBXFileReference; lastKnownFileType = sourcecode.swift; path = RememberMeToggle.swift; sourceTree = "<group>"; };
		742B01F030627A8E003C7B8C /* SocialIconsRow.swift */ = {isa = PBXFileReference; lastKnownFileType = sourcecode.swift; path = SocialIconsRow.swift; sourceTree = "<group>"; };
		742B01F130627A8E003C7B8C /* SocialLoginButton.swift */ = {isa = PBXFileReference; lastKnownFileType = sourcecode.swift; path = SocialLoginButton.swift; sourceTree = "<group>"; };
		742B01F330627A8E003C7B8C /* IllustrationCircle.swift */ = {isa = PBXFileReference; lastKnownFileType = sourcecode.swift; path = IllustrationCircle.swift; sourceTree = "<group>"; };
		742B01F530627A8E003C7B8C /* LetsYouInView.swift */ = {isa = PBXFileReference; lastKnownFileType = sourcecode.swift; path = LetsYouInView.swift; sourceTree = "<group>"; };
		742B01F830627A8E003C7B8C /* LoginView.swift */ = {isa = PBXFileReference; lastKnownFileType = sourcecode.swift; path = LoginView.swift; sourceTree = "<group>"; };
		742B01FB30627A8E003C7B8C /* PageIndicator.swift */ = {isa = PBXFileReference; lastKnownFileType = sourcecode.swift; path = PageIndicator.swift; sourceTree = "<group>"; };
		742B01FD30627A8E003C7B8C /* OnboardingView.swift */ = {isa = PBXFileReference; lastKnownFileType = sourcecode.swift; path = OnboardingView.swift; sourceTree = "<group>"; };
		742B020030627A8E003C7B8C /* AuthService.swift */ = {isa = PBXFileReference; lastKnownFileType = sourcecode.swift; path = AuthService.swift; sourceTree = "<group>"; };
		742B020230627A8E003C7B8C /* UsernameField.swift */ = {isa = PBXFileReference; lastKnownFileType = sourcecode.swift; path = UsernameField.swift; sourceTree = "<group>"; };
		742B020430627A8E003C7B8C /* SignUpView.swift */ = {isa = PBXFileReference; lastKnownFileType = sourcecode.swift; path = SignUpView.swift; sourceTree = "<group>"; };
		742B020730627A8E003C7B8C /* SplashView.swift */ = {isa = PBXFileReference; lastKnownFileType = sourcecode.swift; path = SplashView.swift; sourceTree = "<group>"; };
		742B020A30627A8E003C7B8C /* AuthViewModel.swift */ = {isa = PBXFileReference; lastKnownFileType = sourcecode.swift; path = AuthViewModel.swift; sourceTree = "<group>"; };
		742B020E30627A8E003C7B8C /* DownloadRow.swift */ = {isa = PBXFileReference; lastKnownFileType = sourcecode.swift; path = DownloadRow.swift; sourceTree = "<group>"; };
		742B021030627A8E003C7B8C /* DeleteDownloadSheet.swift */ = {isa = PBXFileReference; lastKnownFileType = sourcecode.swift; path = DeleteDownloadSheet.swift; sourceTree = "<group>"; };
		742B021130627A8E003C7B8C /* DownloadView.swift */ = {isa = PBXFileReference; lastKnownFileType = sourcecode.swift; path = DownloadView.swift; sourceTree = "<group>"; };
		742B021430627A8E003C7B8C /* NotFoundView.swift */ = {isa = PBXFileReference; lastKnownFileType = sourcecode.swift; path = NotFoundView.swift; sourceTree = "<group>"; };
		742B021530627A8E003C7B8C /* SearchSuggestionRow.swift */ = {isa = PBXFileReference; lastKnownFileType = sourcecode.swift; path = SearchSuggestionRow.swift; sourceTree = "<group>"; };
		742B021730627A8E003C7B8C /* ExploreView.swift */ = {isa = PBXFileReference; lastKnownFileType = sourcecode.swift; path = ExploreView.swift; sourceTree = "<group>"; };
		742B021830627A8E003C7B8C /* FilterSheetView.swift */ = {isa = PBXFileReference; lastKnownFileType = sourcecode.swift; path = FilterSheetView.swift; sourceTree = "<group>"; };
		742B021A30627A8E003C7B8C /* ExploreViewModel.swift */ = {isa = PBXFileReference; lastKnownFileType = sourcecode.swift; path = ExploreViewModel.swift; sourceTree = "<group>"; };
		742B021D30627A8E003C7B8C /* FeaturedMovieBanner.swift */ = {isa = PBXFileReference; lastKnownFileType = sourcecode.swift; path = FeaturedMovieBanner.swift; sourceTree = "<group>"; };
		742B021F30627A8E003C7B8C /* HomeView.swift */ = {isa = PBXFileReference; lastKnownFileType = sourcecode.swift; path = HomeView.swift; sourceTree = "<group>"; };
		742B022130627A8E003C7B8C /* HomeViewModel.swift */ = {isa = PBXFileReference; lastKnownFileType = sourcecode.swift; path = HomeViewModel.swift; sourceTree = "<group>"; };
		742B022430627A8E003C7B8C /* MovieDetailView.swift */ = {isa = PBXFileReference; lastKnownFileType = sourcecode.swift; path = MovieDetailView.swift; sourceTree = "<group>"; };
		742B022730627A8E003C7B8C /* MovieListView.swift */ = {isa = PBXFileReference; lastKnownFileType = sourcecode.swift; path = MovieListView.swift; sourceTree = "<group>"; };
		742B022B30627A8E003C7B8C /* MainTabView.swift */ = {isa = PBXFileReference; lastKnownFileType = sourcecode.swift; path = MainTabView.swift; sourceTree = "<group>"; };
		742B022D30627A8E003C7B8C /* MyListView.swift */ = {isa = PBXFileReference; lastKnownFileType = sourcecode.swift; path = MyListView.swift; sourceTree = "<group>"; };
		742B022F30627A8E003C7B8C /* LanguagePickerSheet.swift */ = {isa = PBXFileReference; lastKnownFileType = sourcecode.swift; path = LanguagePickerSheet.swift; sourceTree = "<group>"; };
		742B023030627A8E003C7B8C /* ProfileMenuRow.swift */ = {isa = PBXFileReference; lastKnownFileType = sourcecode.swift; path = ProfileMenuRow.swift; sourceTree = "<group>"; };
		742B023230627A8E003C7B8C /* NotificationSettingsView.swift */ = {isa = PBXFileReference; lastKnownFileType = sourcecode.swift; path = NotificationSettingsView.swift; sourceTree = "<group>"; };
		742B023430627A8E003C7B8C /* ProfileView.swift */ = {isa = PBXFileReference; lastKnownFileType = sourcecode.swift; path = ProfileView.swift; sourceTree = "<group>"; };
		742B02823062A8BC003C7B8C /* AuthFlowView.swift */ = {isa = PBXFileReference; lastKnownFileType = sourcecode.swift; path = AuthFlowView.swift; sourceTree = "<group>"; };
		7442E664306676060027740D /* CastMember.swift */ = {isa = PBXFileReference; lastKnownFileType = sourcecode.swift; path = CastMember.swift; sourceTree = "<group>"; };
		7442E6663066763B0027740D /* CrewMember.swift */ = {isa = PBXFileReference; lastKnownFileType = sourcecode.swift; path = CrewMember.swift; sourceTree = "<group>"; };
		7442E668306676450027740D /* CreditsResponse.swift */ = {isa = PBXFileReference; lastKnownFileType = sourcecode.swift; path = CreditsResponse.swift; sourceTree = "<group>"; };
		7442E66D306676E40027740D /* CastCrewRow.swift */ = {isa = PBXFileReference; lastKnownFileType = sourcecode.swift; path = CastCrewRow.swift; sourceTree = "<group>"; };
		7442E6703066783F0027740D /* MovieVideo.swift */ = {isa = PBXFileReference; lastKnownFileType = sourcecode.swift; path = MovieVideo.swift; sourceTree = "<group>"; };
		7442E672306679250027740D /* DetailTab.swift */ = {isa = PBXFileReference; lastKnownFileType = sourcecode.swift; path = DetailTab.swift; sourceTree = "<group>"; };
		7442E674306679340027740D /* TrailersListView.swift */ = {isa = PBXFileReference; lastKnownFileType = sourcecode.swift; path = TrailersListView.swift; sourceTree = "<group>"; };
		7442E676306679440027740D /* CommentsPlaceholderView.swift */ = {isa = PBXFileReference; lastKnownFileType = sourcecode.swift; path = CommentsPlaceholderView.swift; sourceTree = "<group>"; };
		74AC1407306A39BC0092D5F9 /* OnboardingPage.swift */ = {isa = PBXFileReference; lastKnownFileType = sourcecode.swift; path = OnboardingPage.swift; sourceTree = "<group>"; };
		74AC1409306A3A000092D5F9 /* OnboardingPageView.swift */ = {isa = PBXFileReference; lastKnownFileType = sourcecode.swift; path = OnboardingPageView.swift; sourceTree = "<group>"; };
		74B988DF30497C1F00DCB975 /* Mova.app */ = {isa = PBXFileReference; explicitFileType = wrapper.application; includeInIndex = 0; path = Mova.app; sourceTree = BUILT_PRODUCTS_DIR; };
		74D5598E30664A52001E8DC0 /* TrailerLauncher.swift */ = {isa = PBXFileReference; lastKnownFileType = sourcecode.swift; path = TrailerLauncher.swift; sourceTree = "<group>"; };
		74D736873064F7A900BC15EC /* AppTab.swift */ = {isa = PBXFileReference; lastKnownFileType = sourcecode.swift; path = AppTab.swift; sourceTree = "<group>"; };
		74D736893064FAF100BC15EC /* ActiveFilter.swift */ = {isa = PBXFileReference; lastKnownFileType = sourcecode.swift; path = ActiveFilter.swift; sourceTree = "<group>"; };
/* End PBXFileReference section */

/* Begin PBXFrameworksBuildPhase section */
		74B988DC30497C1F00DCB975 /* Frameworks */ = {
			isa = PBXFrameworksBuildPhase;
			buildActionMask = 2147483647;
			files = (
				74364496304E97C4001137C1 /* FirebaseCore in Frameworks */,
				7436449A304E97C4001137C1 /* FirebaseStorage in Frameworks */,
				74364494304E97C4001137C1 /* FirebaseAuth in Frameworks */,
				74364498304E97C4001137C1 /* FirebaseFirestore in Frameworks */,
			);
			runOnlyForDeploymentPostprocessing = 0;
		};
/* End PBXFrameworksBuildPhase section */

/* Begin PBXGroup section */
		742B01BE30627A8E003C7B8C /* App */ = {
			isa = PBXGroup;
			children = (
				742B01BC30627A8E003C7B8C /* ContentView.swift */,
				742B01BD30627A8E003C7B8C /* MovaApp.swift */,
			);
			path = App;
			sourceTree = "<group>";
		};
		742B01C230627A8E003C7B8C /* Components */ = {
			isa = PBXGroup;
			children = (
				742B01BF30627A8E003C7B8C /* CategoryChip.swift */,
				742B01C030627A8E003C7B8C /* MoviePosterCard.swift */,
				742B01C130627A8E003C7B8C /* MoviePosterGrid.swift */,
			);
			path = Components;
			sourceTree = "<group>";
		};
		742B01C530627A8E003C7B8C /* Localization */ = {
			isa = PBXGroup;
			children = (
				742B01C430627A8E003C7B8C /* AppLanguage.swift */,
			);
			path = Localization;
			sourceTree = "<group>";
		};
		742B01CA30627A8E003C7B8C /* Navigation */ = {
			isa = PBXGroup;
			children = (
				74D736873064F7A900BC15EC /* AppTab.swift */,
				742B01C630627A8E003C7B8C /* AppRoot.swift */,
				742B01C730627A8E003C7B8C /* AppStateController.swift */,
				742B01C830627A8E003C7B8C /* AuthRoute.swift */,
				742B01C930627A8E003C7B8C /* AuthRouter.swift */,
			);
			path = Navigation;
			sourceTree = "<group>";
		};
		742B01CE30627A8E003C7B8C /* Networking */ = {
			isa = PBXGroup;
			children = (
				74D5598E30664A52001E8DC0 /* TrailerLauncher.swift */,
				742B01CB30627A8E003C7B8C /* DownloadService.swift */,
				742B01CC30627A8E003C7B8C /* TimeoutError.swift */,
				742B01CD30627A8E003C7B8C /* TMDBService.swift */,
			);
			path = Networking;
			sourceTree = "<group>";
		};
		742B01D030627A8E003C7B8C /* Notifications */ = {
			isa = PBXGroup;
			children = (
				742B01CF30627A8E003C7B8C /* NotificationManager.swift */,
			);
			path = Notifications;
			sourceTree = "<group>";
		};
		742B01D330627A8E003C7B8C /* Persistance */ = {
			isa = PBXGroup;
			children = (
				742B01D130627A8E003C7B8C /* DownloadedMovieModel.swift */,
				742B01D230627A8E003C7B8C /* SavedMovie.swift */,
			);
			path = Persistance;
			sourceTree = "<group>";
		};
		742B01DC30627A8E003C7B8C /* Styles */ = {
			isa = PBXGroup;
			children = (
				742B01D430627A8E003C7B8C /* AuthFieldStyle.swift */,
				742B01D530627A8E003C7B8C /* AuthLogoModifier.swift */,
				742B01D630627A8E003C7B8C /* AuthScreenBackground.swift */,
				742B01D730627A8E003C7B8C /* AuthTitleStyle.swift */,
				742B01D830627A8E003C7B8C /* BorderedCardStyle.swift */,
				742B01D930627A8E003C7B8C /* CapsuleButtonStyle.swift */,
				742B01DA30627A8E003C7B8C /* ErrorTextStyle.swift */,
				742B01DB30627A8E003C7B8C /* SectionTitleStyle.swift */,
			);
			path = Styles;
			sourceTree = "<group>";
		};
		742B01DD30627A8E003C7B8C /* Core */ = {
			isa = PBXGroup;
			children = (
				742B01CA30627A8E003C7B8C /* Navigation */,
				742B01CE30627A8E003C7B8C /* Networking */,
				742B01C530627A8E003C7B8C /* Localization */,
				742B01D030627A8E003C7B8C /* Notifications */,
				742B01D330627A8E003C7B8C /* Persistance */,
				742B01DC30627A8E003C7B8C /* Styles */,
			);
			path = Core;
			sourceTree = "<group>";
		};
		742B01E030627A8E003C7B8C /* Models */ = {
			isa = PBXGroup;
			children = (
				742B01DF30627A8E003C7B8C /* User.swift */,
				742B01DE30627A8E003C7B8C /* Movie.swift */,
				7442E668306676450027740D /* CreditsResponse.swift */,
				7442E664306676060027740D /* CastMember.swift */,
				7442E6663066763B0027740D /* CrewMember.swift */,
				7442E6703066783F0027740D /* MovieVideo.swift */,
				74AC1407306A39BC0092D5F9 /* OnboardingPage.swift */,
			);
			path = Models;
			sourceTree = "<group>";
		};
		742B01E630627A8E003C7B8C /* Resources */ = {
			isa = PBXGroup;
			children = (
				742B01E130627A8E003C7B8C /* Assets.xcassets */,
				742B01E230627A8E003C7B8C /* GoogleService-Info.plist */,
				742B01E330627A8E003C7B8C /* Info.plist */,
				742B01E430627A8E003C7B8C /* Localizable.xcstrings */,
				742B01E530627A8E003C7B8C /* Secrets.xcconfig */,
			);
			path = Resources;
			sourceTree = "<group>";
		};
		742B01F230627A8E003C7B8C /* Components */ = {
			isa = PBXGroup;
			children = (
				742B01E730627A8E003C7B8C /* AuthFooterLink.swift */,
				742B01E830627A8E003C7B8C /* AuthLogo.swift */,
				742B01E930627A8E003C7B8C /* BackButton.swift */,
				742B01EA30627A8E003C7B8C /* CircleSocialButton.swift */,
				742B01EB30627A8E003C7B8C /* EmailField.swift */,
				742B01EC30627A8E003C7B8C /* OrDivider.swift */,
				742B01ED30627A8E003C7B8C /* PasswordField.swift */,
				742B01EE30627A8E003C7B8C /* PrimaryButton.swift */,
				742B01EF30627A8E003C7B8C /* RememberMeToggle.swift */,
				742B01F030627A8E003C7B8C /* SocialIconsRow.swift */,
				742B01F130627A8E003C7B8C /* SocialLoginButton.swift */,
			);
			path = Components;
			sourceTree = "<group>";
		};
		742B01F430627A8E003C7B8C /* Components */ = {
			isa = PBXGroup;
			children = (
				742B01F330627A8E003C7B8C /* IllustrationCircle.swift */,
			);
			path = Components;
			sourceTree = "<group>";
		};
		742B01F630627A8E003C7B8C /* View */ = {
			isa = PBXGroup;
			children = (
				742B01F530627A8E003C7B8C /* LetsYouInView.swift */,
			);
			path = View;
			sourceTree = "<group>";
		};
		742B01F730627A8E003C7B8C /* LetsYouIn */ = {
			isa = PBXGroup;
			children = (
				742B01F430627A8E003C7B8C /* Components */,
				742B01F630627A8E003C7B8C /* View */,
			);
			path = LetsYouIn;
			sourceTree = "<group>";
		};
		742B01F930627A8E003C7B8C /* View */ = {
			isa = PBXGroup;
			children = (
				742B01F830627A8E003C7B8C /* LoginView.swift */,
			);
			path = View;
			sourceTree = "<group>";
		};
		742B01FA30627A8E003C7B8C /* Login */ = {
			isa = PBXGroup;
			children = (
				742B01F930627A8E003C7B8C /* View */,
			);
			path = Login;
			sourceTree = "<group>";
		};
		742B01FC30627A8E003C7B8C /* Components */ = {
			isa = PBXGroup;
			children = (
				742B01FB30627A8E003C7B8C /* PageIndicator.swift */,
				74AC1409306A3A000092D5F9 /* OnboardingPageView.swift */,
			);
			path = Components;
			sourceTree = "<group>";
		};
		742B01FE30627A8E003C7B8C /* View */ = {
			isa = PBXGroup;
			children = (
				742B01FD30627A8E003C7B8C /* OnboardingView.swift */,
			);
			path = View;
			sourceTree = "<group>";
		};
		742B01FF30627A8E003C7B8C /* Onboarding */ = {
			isa = PBXGroup;
			children = (
				742B01FC30627A8E003C7B8C /* Components */,
				742B01FE30627A8E003C7B8C /* View */,
			);
			path = Onboarding;
			sourceTree = "<group>";
		};
		742B020130627A8E003C7B8C /* Service */ = {
			isa = PBXGroup;
			children = (
				742B020030627A8E003C7B8C /* AuthService.swift */,
			);
			path = Service;
			sourceTree = "<group>";
		};
		742B020330627A8E003C7B8C /* Components */ = {
			isa = PBXGroup;
			children = (
				742B020230627A8E003C7B8C /* UsernameField.swift */,
			);
			path = Components;
			sourceTree = "<group>";
		};
		742B020530627A8E003C7B8C /* View */ = {
			isa = PBXGroup;
			children = (
				742B020430627A8E003C7B8C /* SignUpView.swift */,
			);
			path = View;
			sourceTree = "<group>";
		};
		742B020630627A8E003C7B8C /* SignUp */ = {
			isa = PBXGroup;
			children = (
				742B020330627A8E003C7B8C /* Components */,
				742B020530627A8E003C7B8C /* View */,
			);
			path = SignUp;
			sourceTree = "<group>";
		};
		742B020830627A8E003C7B8C /* View */ = {
			isa = PBXGroup;
			children = (
				742B020730627A8E003C7B8C /* SplashView.swift */,
			);
			path = View;
			sourceTree = "<group>";
		};
		742B020930627A8E003C7B8C /* Splash */ = {
			isa = PBXGroup;
			children = (
				742B020830627A8E003C7B8C /* View */,
			);
			path = Splash;
			sourceTree = "<group>";
		};
		742B020B30627A8E003C7B8C /* ViewModel */ = {
			isa = PBXGroup;
			children = (
				742B020A30627A8E003C7B8C /* AuthViewModel.swift */,
			);
			path = ViewModel;
			sourceTree = "<group>";
		};
		742B020D30627A8E003C7B8C /* Auth */ = {
			isa = PBXGroup;
			children = (
				742B02833062A8BC003C7B8C /* AuthFlowView */,
				742B01F230627A8E003C7B8C /* Components */,
				742B01F730627A8E003C7B8C /* LetsYouIn */,
				742B01FA30627A8E003C7B8C /* Login */,
				742B020130627A8E003C7B8C /* Service */,
				742B020630627A8E003C7B8C /* SignUp */,
				742B020B30627A8E003C7B8C /* ViewModel */,
			);
			path = Auth;
			sourceTree = "<group>";
		};
		742B020F30627A8E003C7B8C /* Components */ = {
			isa = PBXGroup;
			children = (
				742B020E30627A8E003C7B8C /* DownloadRow.swift */,
			);
			path = Components;
			sourceTree = "<group>";
		};
		742B021230627A8E003C7B8C /* View */ = {
			isa = PBXGroup;
			children = (
				742B021030627A8E003C7B8C /* DeleteDownloadSheet.swift */,
				742B021130627A8E003C7B8C /* DownloadView.swift */,
			);
			path = View;
			sourceTree = "<group>";
		};
		742B021330627A8E003C7B8C /* Download */ = {
			isa = PBXGroup;
			children = (
				742B020F30627A8E003C7B8C /* Components */,
				742B021230627A8E003C7B8C /* View */,
			);
			path = Download;
			sourceTree = "<group>";
		};
		742B021630627A8E003C7B8C /* Components */ = {
			isa = PBXGroup;
			children = (
				742B021430627A8E003C7B8C /* NotFoundView.swift */,
				742B021530627A8E003C7B8C /* SearchSuggestionRow.swift */,
			);
			path = Components;
			sourceTree = "<group>";
		};
		742B021930627A8E003C7B8C /* View */ = {
			isa = PBXGroup;
			children = (
				742B021730627A8E003C7B8C /* ExploreView.swift */,
				742B021830627A8E003C7B8C /* FilterSheetView.swift */,
			);
			path = View;
			sourceTree = "<group>";
		};
		742B021B30627A8E003C7B8C /* ViewModel */ = {
			isa = PBXGroup;
			children = (
				742B021A30627A8E003C7B8C /* ExploreViewModel.swift */,
			);
			path = ViewModel;
			sourceTree = "<group>";
		};
		742B021C30627A8E003C7B8C /* Explore */ = {
			isa = PBXGroup;
			children = (
				74D736893064FAF100BC15EC /* ActiveFilter.swift */,
				742B021630627A8E003C7B8C /* Components */,
				742B021930627A8E003C7B8C /* View */,
				742B021B30627A8E003C7B8C /* ViewModel */,
			);
			path = Explore;
			sourceTree = "<group>";
		};
		742B021E30627A8E003C7B8C /* Components */ = {
			isa = PBXGroup;
			children = (
				742B021D30627A8E003C7B8C /* FeaturedMovieBanner.swift */,
			);
			path = Components;
			sourceTree = "<group>";
		};
		742B022030627A8E003C7B8C /* View */ = {
			isa = PBXGroup;
			children = (
				742B021F30627A8E003C7B8C /* HomeView.swift */,
			);
			path = View;
			sourceTree = "<group>";
		};
		742B022230627A8E003C7B8C /* ViewModel */ = {
			isa = PBXGroup;
			children = (
				742B022130627A8E003C7B8C /* HomeViewModel.swift */,
			);
			path = ViewModel;
			sourceTree = "<group>";
		};
		742B022330627A8E003C7B8C /* HomeScreen */ = {
			isa = PBXGroup;
			children = (
				742B021E30627A8E003C7B8C /* Components */,
				742B022030627A8E003C7B8C /* View */,
				742B022230627A8E003C7B8C /* ViewModel */,
			);
			path = HomeScreen;
			sourceTree = "<group>";
		};
		742B022530627A8E003C7B8C /* View */ = {
			isa = PBXGroup;
			children = (
				742B022430627A8E003C7B8C /* MovieDetailView.swift */,
			);
			path = View;
			sourceTree = "<group>";
		};
		742B022630627A8E003C7B8C /* MovieDetail */ = {
			isa = PBXGroup;
			children = (
				742B022530627A8E003C7B8C /* View */,
				7442E66E306676E40027740D /* Components */,
			);
			path = MovieDetail;
			sourceTree = "<group>";
		};
		742B022830627A8E003C7B8C /* View */ = {
			isa = PBXGroup;
			children = (
				742B022730627A8E003C7B8C /* MovieListView.swift */,
			);
			path = View;
			sourceTree = "<group>";
		};
		742B022930627A8E003C7B8C /* MovieList */ = {
			isa = PBXGroup;
			children = (
				742B022830627A8E003C7B8C /* View */,
			);
			path = MovieList;
			sourceTree = "<group>";
		};
		742B022A30627A8E003C7B8C /* Home */ = {
			isa = PBXGroup;
			children = (
				742B022330627A8E003C7B8C /* HomeScreen */,
				742B022630627A8E003C7B8C /* MovieDetail */,
				742B022930627A8E003C7B8C /* MovieList */,
			);
			path = Home;
			sourceTree = "<group>";
		};
		742B022C30627A8E003C7B8C /* MainTab */ = {
			isa = PBXGroup;
			children = (
				742B022B30627A8E003C7B8C /* MainTabView.swift */,
			);
			path = MainTab;
			sourceTree = "<group>";
		};
		742B022E30627A8E003C7B8C /* MyList */ = {
			isa = PBXGroup;
			children = (
				742B022D30627A8E003C7B8C /* MyListView.swift */,
			);
			path = MyList;
			sourceTree = "<group>";
		};
		742B023130627A8E003C7B8C /* Components */ = {
			isa = PBXGroup;
			children = (
				742B022F30627A8E003C7B8C /* LanguagePickerSheet.swift */,
				742B023030627A8E003C7B8C /* ProfileMenuRow.swift */,
			);
			path = Components;
			sourceTree = "<group>";
		};
		742B023330627A8E003C7B8C /* Notifications */ = {
			isa = PBXGroup;
			children = (
				742B023230627A8E003C7B8C /* NotificationSettingsView.swift */,
			);
			path = Notifications;
			sourceTree = "<group>";
		};
		742B023530627A8E003C7B8C /* View */ = {
			isa = PBXGroup;
			children = (
				742B023430627A8E003C7B8C /* ProfileView.swift */,
			);
			path = View;
			sourceTree = "<group>";
		};
		742B023630627A8E003C7B8C /* Profile */ = {
			isa = PBXGroup;
			children = (
				742B023130627A8E003C7B8C /* Components */,
				742B023330627A8E003C7B8C /* Notifications */,
				742B023530627A8E003C7B8C /* View */,
			);
			path = Profile;
			sourceTree = "<group>";
		};
		742B023730627A8E003C7B8C /* Screens */ = {
			isa = PBXGroup;
			children = (
				742B020930627A8E003C7B8C /* Splash */,
				742B01FF30627A8E003C7B8C /* Onboarding */,
				742B020D30627A8E003C7B8C /* Auth */,
				742B022C30627A8E003C7B8C /* MainTab */,
				742B022A30627A8E003C7B8C /* Home */,
				742B021C30627A8E003C7B8C /* Explore */,
				742B022E30627A8E003C7B8C /* MyList */,
				742B021330627A8E003C7B8C /* Download */,
				742B023630627A8E003C7B8C /* Profile */,
			);
			path = Screens;
			sourceTree = "<group>";
		};
		742B023830627A8E003C7B8C /* Mova */ = {
			isa = PBXGroup;
			children = (
				742B01BE30627A8E003C7B8C /* App */,
				742B01DD30627A8E003C7B8C /* Core */,
				742B01C230627A8E003C7B8C /* Components */,
				742B01E030627A8E003C7B8C /* Models */,
				742B023730627A8E003C7B8C /* Screens */,
				742B01E630627A8E003C7B8C /* Resources */,
			);
			path = Mova;
			sourceTree = "<group>";
		};
		742B02833062A8BC003C7B8C /* AuthFlowView */ = {
			isa = PBXGroup;
			children = (
				742B02823062A8BC003C7B8C /* AuthFlowView.swift */,
			);
			path = AuthFlowView;
			sourceTree = "<group>";
		};
		7442E66E306676E40027740D /* Components */ = {
			isa = PBXGroup;
			children = (
				7442E66D306676E40027740D /* CastCrewRow.swift */,
				7442E672306679250027740D /* DetailTab.swift */,
				7442E674306679340027740D /* TrailersListView.swift */,
				7442E676306679440027740D /* CommentsPlaceholderView.swift */,
			);
			path = Components;
			sourceTree = "<group>";
		};
		74B988D630497C1F00DCB975 = {
			isa = PBXGroup;
			children = (
				742B023830627A8E003C7B8C /* Mova */,
				74B988E030497C1F00DCB975 /* Products */,
			);
			sourceTree = "<group>";
		};
		74B988E030497C1F00DCB975 /* Products */ = {
			isa = PBXGroup;
			children = (
				74B988DF30497C1F00DCB975 /* Mova.app */,
			);
			name = Products;
			sourceTree = "<group>";
		};
/* End PBXGroup section */

/* Begin PBXNativeTarget section */
		74B988DE30497C1F00DCB975 /* Mova */ = {
			isa = PBXNativeTarget;
			buildConfigurationList = 74B988EA30497C2000DCB975 /* Build configuration list for PBXNativeTarget "Mova" */;
			buildPhases = (
				74B988DB30497C1F00DCB975 /* Sources */,
				74B988DC30497C1F00DCB975 /* Frameworks */,
				74B988DD30497C1F00DCB975 /* Resources */,
			);
			buildRules = (
			);
			dependencies = (
			);
			name = Mova;
			packageProductDependencies = (
				74364493304E97C4001137C1 /* FirebaseAuth */,
				74364495304E97C4001137C1 /* FirebaseCore */,
				74364497304E97C4001137C1 /* FirebaseFirestore */,
				74364499304E97C4001137C1 /* FirebaseStorage */,
			);
			productName = Mova;
			productReference = 74B988DF30497C1F00DCB975 /* Mova.app */;
			productType = "com.apple.product-type.application";
		};
/* End PBXNativeTarget section */

/* Begin PBXProject section */
		74B988D730497C1F00DCB975 /* Project object */ = {
			isa = PBXProject;
			attributes = {
				BuildIndependentTargetsInParallel = 1;
				LastSwiftUpdateCheck = 2640;
				LastUpgradeCheck = 2640;
				TargetAttributes = {
					74B988DE30497C1F00DCB975 = {
						CreatedOnToolsVersion = 26.4;
					};
				};
			};
			buildConfigurationList = 74B988DA30497C1F00DCB975 /* Build configuration list for PBXProject "Mova" */;
			developmentRegion = en;
			hasScannedForEncodings = 0;
			knownRegions = (
				en,
				Base,
				ru,
				az,
			);
			mainGroup = 74B988D630497C1F00DCB975;
			minimizedProjectReferenceProxies = 1;
			packageReferences = (
				74364491304E94FF001137C1 /* XCRemoteSwiftPackageReference "firebase-ios-sdk" */,
			);
			preferredProjectObjectVersion = 77;
			productRefGroup = 74B988E030497C1F00DCB975 /* Products */;
			projectDirPath = "";
			projectRoot = "";
			targets = (
				74B988DE30497C1F00DCB975 /* Mova */,
			);
		};
/* End PBXProject section */

/* Begin PBXResourcesBuildPhase section */
		74B988DD30497C1F00DCB975 /* Resources */ = {
			isa = PBXResourcesBuildPhase;
			buildActionMask = 2147483647;
			files = (
				742B023930627A8E003C7B8C /* Assets.xcassets in Resources */,
				742B023A30627A8E003C7B8C /* GoogleService-Info.plist in Resources */,
				742B023C30627A8E003C7B8C /* Localizable.xcstrings in Resources */,
				742B023D30627A8E003C7B8C /* Secrets.xcconfig in Resources */,
			);
			runOnlyForDeploymentPostprocessing = 0;
		};
/* End PBXResourcesBuildPhase section */

/* Begin PBXSourcesBuildPhase section */
		74B988DB30497C1F00DCB975 /* Sources */ = {
			isa = PBXSourcesBuildPhase;
			buildActionMask = 2147483647;
			files = (
				742B023E30627A8E003C7B8C /* ContentView.swift in Sources */,
				742B023F30627A8E003C7B8C /* MovaApp.swift in Sources */,
				742B024030627A8E003C7B8C /* CategoryChip.swift in Sources */,
				742B024130627A8E003C7B8C /* MoviePosterCard.swift in Sources */,
				7442E6673066763B0027740D /* CrewMember.swift in Sources */,
				742B024230627A8E003C7B8C /* MoviePosterGrid.swift in Sources */,
				742B024330627A8E003C7B8C /* AppLanguage.swift in Sources */,
				742B024430627A8E003C7B8C /* AppRoot.swift in Sources */,
				742B024530627A8E003C7B8C /* AppStateController.swift in Sources */,
				742B024630627A8E003C7B8C /* AuthRoute.swift in Sources */,
				742B024730627A8E003C7B8C /* AuthRouter.swift in Sources */,
				742B024830627A8E003C7B8C /* DownloadService.swift in Sources */,
				74D5598F30664A52001E8DC0 /* TrailerLauncher.swift in Sources */,
				742B024930627A8E003C7B8C /* TimeoutError.swift in Sources */,
				742B024A30627A8E003C7B8C /* TMDBService.swift in Sources */,
				742B024B30627A8E003C7B8C /* NotificationManager.swift in Sources */,
				742B024C30627A8E003C7B8C /* DownloadedMovieModel.swift in Sources */,
				7442E665306676060027740D /* CastMember.swift in Sources */,
				742B024D30627A8E003C7B8C /* SavedMovie.swift in Sources */,
				742B024E30627A8E003C7B8C /* AuthFieldStyle.swift in Sources */,
				742B024F30627A8E003C7B8C /* AuthLogoModifier.swift in Sources */,
				742B025030627A8E003C7B8C /* AuthScreenBackground.swift in Sources */,
				742B025130627A8E003C7B8C /* AuthTitleStyle.swift in Sources */,
				7442E669306676450027740D /* CreditsResponse.swift in Sources */,
				742B025230627A8E003C7B8C /* BorderedCardStyle.swift in Sources */,
				742B025330627A8E003C7B8C /* CapsuleButtonStyle.swift in Sources */,
				7442E66F306676E40027740D /* CastCrewRow.swift in Sources */,
				742B025430627A8E003C7B8C /* ErrorTextStyle.swift in Sources */,
				742B025530627A8E003C7B8C /* SectionTitleStyle.swift in Sources */,
				742B025630627A8E003C7B8C /* Movie.swift in Sources */,
				74AC140A306A3A000092D5F9 /* OnboardingPageView.swift in Sources */,
				742B025730627A8E003C7B8C /* User.swift in Sources */,
				742B025830627A8E003C7B8C /* AuthFooterLink.swift in Sources */,
				742B025930627A8E003C7B8C /* AuthLogo.swift in Sources */,
				742B025A30627A8E003C7B8C /* BackButton.swift in Sources */,
				742B025B30627A8E003C7B8C /* CircleSocialButton.swift in Sources */,
				742B025C30627A8E003C7B8C /* EmailField.swift in Sources */,
				74AC1408306A39BC0092D5F9 /* OnboardingPage.swift in Sources */,
				7442E673306679250027740D /* DetailTab.swift in Sources */,
				742B025D30627A8E003C7B8C /* OrDivider.swift in Sources */,
				7442E677306679440027740D /* CommentsPlaceholderView.swift in Sources */,
				7442E675306679340027740D /* TrailersListView.swift in Sources */,
				742B025E30627A8E003C7B8C /* PasswordField.swift in Sources */,
				742B025F30627A8E003C7B8C /* PrimaryButton.swift in Sources */,
				742B026030627A8E003C7B8C /* RememberMeToggle.swift in Sources */,
				742B026130627A8E003C7B8C /* SocialIconsRow.swift in Sources */,
				742B026230627A8E003C7B8C /* SocialLoginButton.swift in Sources */,
				742B026330627A8E003C7B8C /* IllustrationCircle.swift in Sources */,
				742B026430627A8E003C7B8C /* LetsYouInView.swift in Sources */,
				742B026530627A8E003C7B8C /* LoginView.swift in Sources */,
				742B026630627A8E003C7B8C /* PageIndicator.swift in Sources */,
				742B026730627A8E003C7B8C /* OnboardingView.swift in Sources */,
				742B026830627A8E003C7B8C /* AuthService.swift in Sources */,
				742B02843062A8BC003C7B8C /* AuthFlowView.swift in Sources */,
				742B026930627A8E003C7B8C /* UsernameField.swift in Sources */,
				742B026A30627A8E003C7B8C /* SignUpView.swift in Sources */,
				742B026B30627A8E003C7B8C /* SplashView.swift in Sources */,
				742B026C30627A8E003C7B8C /* AuthViewModel.swift in Sources */,
				742B026E30627A8E003C7B8C /* DownloadRow.swift in Sources */,
				742B026F30627A8E003C7B8C /* DeleteDownloadSheet.swift in Sources */,
				74D7368A3064FAF100BC15EC /* ActiveFilter.swift in Sources */,
				742B027030627A8E003C7B8C /* DownloadView.swift in Sources */,
				742B027130627A8E003C7B8C /* NotFoundView.swift in Sources */,
				742B027230627A8E003C7B8C /* SearchSuggestionRow.swift in Sources */,
				742B027330627A8E003C7B8C /* ExploreView.swift in Sources */,
				742B027430627A8E003C7B8C /* FilterSheetView.swift in Sources */,
				7442E6713066783F0027740D /* MovieVideo.swift in Sources */,
				742B027530627A8E003C7B8C /* ExploreViewModel.swift in Sources */,
				742B027630627A8E003C7B8C /* FeaturedMovieBanner.swift in Sources */,
				742B027730627A8E003C7B8C /* HomeView.swift in Sources */,
				742B027830627A8E003C7B8C /* HomeViewModel.swift in Sources */,
				74D736883064F7A900BC15EC /* AppTab.swift in Sources */,
				742B027930627A8E003C7B8C /* MovieDetailView.swift in Sources */,
				742B027A30627A8E003C7B8C /* MovieListView.swift in Sources */,
				742B027B30627A8E003C7B8C /* MainTabView.swift in Sources */,
				742B027C30627A8E003C7B8C /* MyListView.swift in Sources */,
				742B027D30627A8E003C7B8C /* LanguagePickerSheet.swift in Sources */,
				742B027E30627A8E003C7B8C /* ProfileMenuRow.swift in Sources */,
				742B027F30627A8E003C7B8C /* NotificationSettingsView.swift in Sources */,
				742B028030627A8E003C7B8C /* ProfileView.swift in Sources */,
			);
			runOnlyForDeploymentPostprocessing = 0;
		};
/* End PBXSourcesBuildPhase section */

/* Begin XCBuildConfiguration section */
		74B988E830497C2000DCB975 /* Debug */ = {
			isa = XCBuildConfiguration;
			baseConfigurationReference = 742B01E530627A8E003C7B8C /* Secrets.xcconfig */;
			buildSettings = {
				ALWAYS_SEARCH_USER_PATHS = NO;
				ASSETCATALOG_COMPILER_GENERATE_SWIFT_ASSET_SYMBOL_EXTENSIONS = YES;
				CLANG_ANALYZER_NONNULL = YES;
				CLANG_ANALYZER_NUMBER_OBJECT_CONVERSION = YES_AGGRESSIVE;
				CLANG_CXX_LANGUAGE_STANDARD = "gnu++20";
				CLANG_ENABLE_MODULES = YES;
				CLANG_ENABLE_OBJC_ARC = YES;
				CLANG_ENABLE_OBJC_WEAK = YES;
				CLANG_WARN_BLOCK_CAPTURE_AUTORELEASING = YES;
				CLANG_WARN_BOOL_CONVERSION = YES;
				CLANG_WARN_COMMA = YES;
				CLANG_WARN_CONSTANT_CONVERSION = YES;
				CLANG_WARN_DEPRECATED_OBJC_IMPLEMENTATIONS = YES;
				CLANG_WARN_DIRECT_OBJC_ISA_USAGE = YES_ERROR;
				CLANG_WARN_DOCUMENTATION_COMMENTS = YES;
				CLANG_WARN_EMPTY_BODY = YES;
				CLANG_WARN_ENUM_CONVERSION = YES;
				CLANG_WARN_INFINITE_RECURSION = YES;
				CLANG_WARN_INT_CONVERSION = YES;
				CLANG_WARN_NON_LITERAL_NULL_CONVERSION = YES;
				CLANG_WARN_OBJC_IMPLICIT_RETAIN_SELF = YES;
				CLANG_WARN_OBJC_LITERAL_CONVERSION = YES;
				CLANG_WARN_OBJC_ROOT_CLASS = YES_ERROR;
				CLANG_WARN_QUOTED_INCLUDE_IN_FRAMEWORK_HEADER = YES;
				CLANG_WARN_RANGE_LOOP_ANALYSIS = YES;
				CLANG_WARN_STRICT_PROTOTYPES = YES;
				CLANG_WARN_SUSPICIOUS_MOVE = YES;
				CLANG_WARN_UNGUARDED_AVAILABILITY = YES_AGGRESSIVE;
				CLANG_WARN_UNREACHABLE_CODE = YES;
				CLANG_WARN__DUPLICATE_METHOD_MATCH = YES;
				COPY_PHASE_STRIP = NO;
				DEBUG_INFORMATION_FORMAT = dwarf;
				ENABLE_STRICT_OBJC_MSGSEND = YES;
				ENABLE_TESTABILITY = YES;
				ENABLE_USER_SCRIPT_SANDBOXING = YES;
				GCC_C_LANGUAGE_STANDARD = gnu17;
				GCC_DYNAMIC_NO_PIC = NO;
				GCC_NO_COMMON_BLOCKS = YES;
				GCC_OPTIMIZATION_LEVEL = 0;
				GCC_PREPROCESSOR_DEFINITIONS = (
					"DEBUG=1",
					"$(inherited)",
				);
				GCC_WARN_64_TO_32_BIT_CONVERSION = YES;
				GCC_WARN_ABOUT_RETURN_TYPE = YES_ERROR;
				GCC_WARN_UNDECLARED_SELECTOR = YES;
				GCC_WARN_UNINITIALIZED_AUTOS = YES_AGGRESSIVE;
				GCC_WARN_UNUSED_FUNCTION = YES;
				GCC_WARN_UNUSED_VARIABLE = YES;
				IPHONEOS_DEPLOYMENT_TARGET = 26.4;
				LOCALIZATION_PREFERS_STRING_CATALOGS = YES;
				MTL_ENABLE_DEBUG_INFO = INCLUDE_SOURCE;
				MTL_FAST_MATH = YES;
				ONLY_ACTIVE_ARCH = YES;
				SDKROOT = iphoneos;
				SWIFT_ACTIVE_COMPILATION_CONDITIONS = "DEBUG $(inherited)";
				SWIFT_EMIT_LOC_STRINGS = YES;
				SWIFT_OPTIMIZATION_LEVEL = "-Onone";
			};
			name = Debug;
		};
		74B988E930497C2000DCB975 /* Release */ = {
			isa = XCBuildConfiguration;
			baseConfigurationReference = 742B01E530627A8E003C7B8C /* Secrets.xcconfig */;
			buildSettings = {
				ALWAYS_SEARCH_USER_PATHS = NO;
				ASSETCATALOG_COMPILER_GENERATE_SWIFT_ASSET_SYMBOL_EXTENSIONS = YES;
				CLANG_ANALYZER_NONNULL = YES;
				CLANG_ANALYZER_NUMBER_OBJECT_CONVERSION = YES_AGGRESSIVE;
				CLANG_CXX_LANGUAGE_STANDARD = "gnu++20";
				CLANG_ENABLE_MODULES = YES;
				CLANG_ENABLE_OBJC_ARC = YES;
				CLANG_ENABLE_OBJC_WEAK = YES;
				CLANG_WARN_BLOCK_CAPTURE_AUTORELEASING = YES;
				CLANG_WARN_BOOL_CONVERSION = YES;
				CLANG_WARN_COMMA = YES;
				CLANG_WARN_CONSTANT_CONVERSION = YES;
				CLANG_WARN_DEPRECATED_OBJC_IMPLEMENTATIONS = YES;
				CLANG_WARN_DIRECT_OBJC_ISA_USAGE = YES_ERROR;
				CLANG_WARN_DOCUMENTATION_COMMENTS = YES;
				CLANG_WARN_EMPTY_BODY = YES;
				CLANG_WARN_ENUM_CONVERSION = YES;
				CLANG_WARN_INFINITE_RECURSION = YES;
				CLANG_WARN_INT_CONVERSION = YES;
				CLANG_WARN_NON_LITERAL_NULL_CONVERSION = YES;
				CLANG_WARN_OBJC_IMPLICIT_RETAIN_SELF = YES;
				CLANG_WARN_OBJC_LITERAL_CONVERSION = YES;
				CLANG_WARN_OBJC_ROOT_CLASS = YES_ERROR;
				CLANG_WARN_QUOTED_INCLUDE_IN_FRAMEWORK_HEADER = YES;
				CLANG_WARN_RANGE_LOOP_ANALYSIS = YES;
				CLANG_WARN_STRICT_PROTOTYPES = YES;
				CLANG_WARN_SUSPICIOUS_MOVE = YES;
				CLANG_WARN_UNGUARDED_AVAILABILITY = YES_AGGRESSIVE;
				CLANG_WARN_UNREACHABLE_CODE = YES;
				CLANG_WARN__DUPLICATE_METHOD_MATCH = YES;
				COPY_PHASE_STRIP = NO;
				DEBUG_INFORMATION_FORMAT = "dwarf-with-dsym";
				ENABLE_NS_ASSERTIONS = NO;
				ENABLE_STRICT_OBJC_MSGSEND = YES;
				ENABLE_USER_SCRIPT_SANDBOXING = YES;
				GCC_C_LANGUAGE_STANDARD = gnu17;
				GCC_NO_COMMON_BLOCKS = YES;
				GCC_WARN_64_TO_32_BIT_CONVERSION = YES;
				GCC_WARN_ABOUT_RETURN_TYPE = YES_ERROR;
				GCC_WARN_UNDECLARED_SELECTOR = YES;
				GCC_WARN_UNINITIALIZED_AUTOS = YES_AGGRESSIVE;
				GCC_WARN_UNUSED_FUNCTION = YES;
				GCC_WARN_UNUSED_VARIABLE = YES;
				IPHONEOS_DEPLOYMENT_TARGET = 26.4;
				LOCALIZATION_PREFERS_STRING_CATALOGS = YES;
				MTL_ENABLE_DEBUG_INFO = NO;
				MTL_FAST_MATH = YES;
				SDKROOT = iphoneos;
				SWIFT_COMPILATION_MODE = wholemodule;
				SWIFT_EMIT_LOC_STRINGS = YES;
				VALIDATE_PRODUCT = YES;
			};
			name = Release;
		};
		74B988EB30497C2000DCB975 /* Debug */ = {
			isa = XCBuildConfiguration;
			buildSettings = {
				ASSETCATALOG_COMPILER_APPICON_NAME = AppIcon;
				ASSETCATALOG_COMPILER_GLOBAL_ACCENT_COLOR_NAME = AccentColor;
				CODE_SIGN_STYLE = Automatic;
				CURRENT_PROJECT_VERSION = 1;
				DEVELOPMENT_TEAM = 52TQ9YMMYR;
				ENABLE_PREVIEWS = YES;
				GENERATE_INFOPLIST_FILE = YES;
				INFOPLIST_FILE = Mova/Resources/Info.plist;
				INFOPLIST_KEY_UIApplicationSceneManifest_Generation = YES;
				INFOPLIST_KEY_UIApplicationSupportsIndirectInputEvents = YES;
				INFOPLIST_KEY_UILaunchScreen_Generation = YES;
				INFOPLIST_KEY_UISupportedInterfaceOrientations_iPad = "UIInterfaceOrientationPortrait UIInterfaceOrientationPortraitUpsideDown UIInterfaceOrientationLandscapeLeft UIInterfaceOrientationLandscapeRight";
				INFOPLIST_KEY_UISupportedInterfaceOrientations_iPhone = "UIInterfaceOrientationPortrait UIInterfaceOrientationLandscapeLeft UIInterfaceOrientationLandscapeRight";
				IPHONEOS_DEPLOYMENT_TARGET = 17.0;
				LD_RUNPATH_SEARCH_PATHS = (
					"$(inherited)",
					"@executable_path/Frameworks",
				);
				MARKETING_VERSION = 1.0;
				PRODUCT_BUNDLE_IDENTIFIER = com.info.Mova;
				PRODUCT_NAME = "$(TARGET_NAME)";
				STRING_CATALOG_GENERATE_SYMBOLS = YES;
				SWIFT_APPROACHABLE_CONCURRENCY = YES;
				SWIFT_DEFAULT_ACTOR_ISOLATION = MainActor;
				SWIFT_EMIT_LOC_STRINGS = YES;
				SWIFT_UPCOMING_FEATURE_MEMBER_IMPORT_VISIBILITY = YES;
				SWIFT_VERSION = 5.0;
				TARGETED_DEVICE_FAMILY = 1;
			};
			name = Debug;
		};
		74B988EC30497C2000DCB975 /* Release */ = {
			isa = XCBuildConfiguration;
			buildSettings = {
				ASSETCATALOG_COMPILER_APPICON_NAME = AppIcon;
				ASSETCATALOG_COMPILER_GLOBAL_ACCENT_COLOR_NAME = AccentColor;
				CODE_SIGN_STYLE = Automatic;
				CURRENT_PROJECT_VERSION = 1;
				DEVELOPMENT_TEAM = 52TQ9YMMYR;
				ENABLE_PREVIEWS = YES;
				GENERATE_INFOPLIST_FILE = YES;
				INFOPLIST_FILE = Mova/Resources/Info.plist;
				INFOPLIST_KEY_UIApplicationSceneManifest_Generation = YES;
				INFOPLIST_KEY_UIApplicationSupportsIndirectInputEvents = YES;
				INFOPLIST_KEY_UILaunchScreen_Generation = YES;
				INFOPLIST_KEY_UISupportedInterfaceOrientations_iPad = "UIInterfaceOrientationPortrait UIInterfaceOrientationPortraitUpsideDown UIInterfaceOrientationLandscapeLeft UIInterfaceOrientationLandscapeRight";
				INFOPLIST_KEY_UISupportedInterfaceOrientations_iPhone = "UIInterfaceOrientationPortrait UIInterfaceOrientationLandscapeLeft UIInterfaceOrientationLandscapeRight";
				IPHONEOS_DEPLOYMENT_TARGET = 17.0;
				LD_RUNPATH_SEARCH_PATHS = (
					"$(inherited)",
					"@executable_path/Frameworks",
				);
				MARKETING_VERSION = 1.0;
				PRODUCT_BUNDLE_IDENTIFIER = com.info.Mova;
				PRODUCT_NAME = "$(TARGET_NAME)";
				STRING_CATALOG_GENERATE_SYMBOLS = YES;
				SWIFT_APPROACHABLE_CONCURRENCY = YES;
				SWIFT_DEFAULT_ACTOR_ISOLATION = MainActor;
				SWIFT_EMIT_LOC_STRINGS = YES;
				SWIFT_UPCOMING_FEATURE_MEMBER_IMPORT_VISIBILITY = YES;
				SWIFT_VERSION = 5.0;
				TARGETED_DEVICE_FAMILY = 1;
			};
			name = Release;
		};
/* End XCBuildConfiguration section */

/* Begin XCConfigurationList section */
		74B988DA30497C1F00DCB975 /* Build configuration list for PBXProject "Mova" */ = {
			isa = XCConfigurationList;
			buildConfigurations = (
				74B988E830497C2000DCB975 /* Debug */,
				74B988E930497C2000DCB975 /* Release */,
			);
			defaultConfigurationIsVisible = 0;
			defaultConfigurationName = Release;
		};
		74B988EA30497C2000DCB975 /* Build configuration list for PBXNativeTarget "Mova" */ = {
			isa = XCConfigurationList;
			buildConfigurations = (
				74B988EB30497C2000DCB975 /* Debug */,
				74B988EC30497C2000DCB975 /* Release */,
			);
			defaultConfigurationIsVisible = 0;
			defaultConfigurationName = Release;
		};
/* End XCConfigurationList section */

/* Begin XCRemoteSwiftPackageReference section */
		74364491304E94FF001137C1 /* XCRemoteSwiftPackageReference "firebase-ios-sdk" */ = {
			isa = XCRemoteSwiftPackageReference;
			repositoryURL = "https://github.com/firebase/firebase-ios-sdk";
			requirement = {
				kind = upToNextMajorVersion;
				minimumVersion = 12.18.0;
			};
		};
/* End XCRemoteSwiftPackageReference section */

/* Begin XCSwiftPackageProductDependency section */
		74364493304E97C4001137C1 /* FirebaseAuth */ = {
			isa = XCSwiftPackageProductDependency;
			package = 74364491304E94FF001137C1 /* XCRemoteSwiftPackageReference "firebase-ios-sdk" */;
			productName = FirebaseAuth;
		};
		74364495304E97C4001137C1 /* FirebaseCore */ = {
			isa = XCSwiftPackageProductDependency;
			package = 74364491304E94FF001137C1 /* XCRemoteSwiftPackageReference "firebase-ios-sdk" */;
			productName = FirebaseCore;
		};
		74364497304E97C4001137C1 /* FirebaseFirestore */ = {
			isa = XCSwiftPackageProductDependency;
			package = 74364491304E94FF001137C1 /* XCRemoteSwiftPackageReference "firebase-ios-sdk" */;
			productName = FirebaseFirestore;
		};
		74364499304E97C4001137C1 /* FirebaseStorage */ = {
			isa = XCSwiftPackageProductDependency;
			package = 74364491304E94FF001137C1 /* XCRemoteSwiftPackageReference "firebase-ios-sdk" */;
			productName = FirebaseStorage;
		};
/* End XCSwiftPackageProductDependency section */
	};
	rootObject = 74B988D730497C1F00DCB975 /* Project object */;
}
