// !$*UTF8*$!
{
	archiveVersion = 1;
	classes = {
	};
	objectVersion = 77;
	objects = {

/* Begin PBXBuildFile section */
		7412F90D3057CADB006E338B /* DownloadedMovie.swift in Sources */ = {isa = PBXBuildFile; fileRef = 7412F90C3057CADB006E338B /* DownloadedMovie.swift */; };
		7412F90F3057CB1F006E338B /* DownloadRow.swift in Sources */ = {isa = PBXBuildFile; fileRef = 7412F90E3057CB1F006E338B /* DownloadRow.swift */; };
		7412F9173057CDD0006E338B /* DownloadManager.swift in Sources */ = {isa = PBXBuildFile; fileRef = 7412F9163057CDD0006E338B /* DownloadManager.swift */; };
		7412F91C3057CEC6006E338B /* DeleteDownloadSheet.swift in Sources */ = {isa = PBXBuildFile; fileRef = 7412F9183057CEC6006E338B /* DeleteDownloadSheet.swift */; };
		7412F91D3057CEC6006E338B /* DownloadView.swift in Sources */ = {isa = PBXBuildFile; fileRef = 7412F9193057CEC6006E338B /* DownloadView.swift */; };
		74364494304E97C4001137C1 /* FirebaseAuth in Frameworks */ = {isa = PBXBuildFile; productRef = 74364493304E97C4001137C1 /* FirebaseAuth */; };
		74364496304E97C4001137C1 /* FirebaseCore in Frameworks */ = {isa = PBXBuildFile; productRef = 74364495304E97C4001137C1 /* FirebaseCore */; };
		74364498304E97C4001137C1 /* FirebaseFirestore in Frameworks */ = {isa = PBXBuildFile; productRef = 74364497304E97C4001137C1 /* FirebaseFirestore */; };
		7436449A304E97C4001137C1 /* FirebaseStorage in Frameworks */ = {isa = PBXBuildFile; productRef = 74364499304E97C4001137C1 /* FirebaseStorage */; };
		74364562304EDA0C001137C1 /* Secrets.xcconfig in Resources */ = {isa = PBXBuildFile; fileRef = 74364532304EDA0C001137C1 /* Secrets.xcconfig */; };
		74364563304EDA0C001137C1 /* Assets.xcassets in Resources */ = {isa = PBXBuildFile; fileRef = 7436454A304EDA0C001137C1 /* Assets.xcassets */; };
		74364564304EDA0C001137C1 /* GoogleService-Info.plist in Resources */ = {isa = PBXBuildFile; fileRef = 7436454B304EDA0C001137C1 /* GoogleService-Info.plist */; };
		74364566304EDA0C001137C1 /* MovaApp.swift in Sources */ = {isa = PBXBuildFile; fileRef = 7436452E304EDA0C001137C1 /* MovaApp.swift */; };
		74364569304EDA0C001137C1 /* AuthFooterLink.swift in Sources */ = {isa = PBXBuildFile; fileRef = 74364535304EDA0C001137C1 /* AuthFooterLink.swift */; };
		7436456A304EDA0C001137C1 /* AuthLogo.swift in Sources */ = {isa = PBXBuildFile; fileRef = 74364536304EDA0C001137C1 /* AuthLogo.swift */; };
		7436456B304EDA0C001137C1 /* BackButton.swift in Sources */ = {isa = PBXBuildFile; fileRef = 74364537304EDA0C001137C1 /* BackButton.swift */; };
		7436456C304EDA0C001137C1 /* CircleSocialButton.swift in Sources */ = {isa = PBXBuildFile; fileRef = 74364538304EDA0C001137C1 /* CircleSocialButton.swift */; };
		7436456D304EDA0C001137C1 /* EmailField.swift in Sources */ = {isa = PBXBuildFile; fileRef = 74364539304EDA0C001137C1 /* EmailField.swift */; };
		7436456E304EDA0C001137C1 /* FeaturedMovieBanner.swift in Sources */ = {isa = PBXBuildFile; fileRef = 7436453A304EDA0C001137C1 /* FeaturedMovieBanner.swift */; };
		7436456F304EDA0C001137C1 /* IllustrationCircle.swift in Sources */ = {isa = PBXBuildFile; fileRef = 7436453B304EDA0C001137C1 /* IllustrationCircle.swift */; };
		74364570304EDA0C001137C1 /* MoviePosterCard.swift in Sources */ = {isa = PBXBuildFile; fileRef = 7436453C304EDA0C001137C1 /* MoviePosterCard.swift */; };
		74364571304EDA0C001137C1 /* OrDivider.swift in Sources */ = {isa = PBXBuildFile; fileRef = 7436453D304EDA0C001137C1 /* OrDivider.swift */; };
		74364572304EDA0C001137C1 /* PasswordField.swift in Sources */ = {isa = PBXBuildFile; fileRef = 7436453E304EDA0C001137C1 /* PasswordField.swift */; };
		74364573304EDA0C001137C1 /* PrimaryButton.swift in Sources */ = {isa = PBXBuildFile; fileRef = 7436453F304EDA0C001137C1 /* PrimaryButton.swift */; };
		74364574304EDA0C001137C1 /* RememberMeToggle.swift in Sources */ = {isa = PBXBuildFile; fileRef = 74364540304EDA0C001137C1 /* RememberMeToggle.swift */; };
		74364575304EDA0C001137C1 /* SocialIconsRow.swift in Sources */ = {isa = PBXBuildFile; fileRef = 74364541304EDA0C001137C1 /* SocialIconsRow.swift */; };
		74364576304EDA0C001137C1 /* SocialLoginButton.swift in Sources */ = {isa = PBXBuildFile; fileRef = 74364542304EDA0C001137C1 /* SocialLoginButton.swift */; };
		74364577304EDA0C001137C1 /* UsernameField.swift in Sources */ = {isa = PBXBuildFile; fileRef = 74364543304EDA0C001137C1 /* UsernameField.swift */; };
		74364578304EDA0C001137C1 /* Movie.swift in Sources */ = {isa = PBXBuildFile; fileRef = 74364545304EDA0C001137C1 /* Movie.swift */; };
		74364579304EDA0C001137C1 /* User.swift in Sources */ = {isa = PBXBuildFile; fileRef = 74364546304EDA0C001137C1 /* User.swift */; };
		7436457A304EDA0C001137C1 /* TMDBService.swift in Sources */ = {isa = PBXBuildFile; fileRef = 74364548304EDA0C001137C1 /* TMDBService.swift */; };
		74364583304EDA0C001137C1 /* PageIndicator.swift in Sources */ = {isa = PBXBuildFile; fileRef = 7436455C304EDA0C001137C1 /* PageIndicator.swift */; };
		744ABAE2304FDEA200143AD5 /* ContentView.swift in Sources */ = {isa = PBXBuildFile; fileRef = 744ABAE1304FDEA200143AD5 /* ContentView.swift */; };
		744ABAF2304FDF4900143AD5 /* MainTabView.swift in Sources */ = {isa = PBXBuildFile; fileRef = 744ABAF1304FDF4900143AD5 /* MainTabView.swift */; };
		744ABAF8304FDFB300143AD5 /* SplashView.swift in Sources */ = {isa = PBXBuildFile; fileRef = 744ABAF3304FDFB300143AD5 /* SplashView.swift */; };
		744ABAF9304FDFB300143AD5 /* SignUpView.swift in Sources */ = {isa = PBXBuildFile; fileRef = 744ABAF6304FDFB300143AD5 /* SignUpView.swift */; };
		744ABAFA304FDFB300143AD5 /* LoginView.swift in Sources */ = {isa = PBXBuildFile; fileRef = 744ABAF7304FDFB300143AD5 /* LoginView.swift */; };
		744ABAFB304FDFB300143AD5 /* LetsYouInView.swift in Sources */ = {isa = PBXBuildFile; fileRef = 744ABAF5304FDFB300143AD5 /* LetsYouInView.swift */; };
		744ABAFC304FDFB300143AD5 /* OnboardingView.swift in Sources */ = {isa = PBXBuildFile; fileRef = 744ABAF4304FDFB300143AD5 /* OnboardingView.swift */; };
		744ABAFE304FDFE400143AD5 /* AuthViewModel.swift in Sources */ = {isa = PBXBuildFile; fileRef = 744ABAFD304FDFE400143AD5 /* AuthViewModel.swift */; };
		744ABB00304FDFED00143AD5 /* AuthService.swift in Sources */ = {isa = PBXBuildFile; fileRef = 744ABAFF304FDFED00143AD5 /* AuthService.swift */; };
		744ABB02304FE05000143AD5 /* HomeView.swift in Sources */ = {isa = PBXBuildFile; fileRef = 744ABB01304FE05000143AD5 /* HomeView.swift */; };
		744ABB04304FE05600143AD5 /* HomeViewModel.swift in Sources */ = {isa = PBXBuildFile; fileRef = 744ABB03304FE05600143AD5 /* HomeViewModel.swift */; };
		744ABB06304FE07F00143AD5 /* ProfileView.swift in Sources */ = {isa = PBXBuildFile; fileRef = 744ABB05304FE07F00143AD5 /* ProfileView.swift */; };
		744ABB08304FF5EB00143AD5 /* ProfileMenuRow.swift in Sources */ = {isa = PBXBuildFile; fileRef = 744ABB07304FF5EB00143AD5 /* ProfileMenuRow.swift */; };
		7471421F305285FD00DEB2F3 /* MyListManager.swift in Sources */ = {isa = PBXBuildFile; fileRef = 7471421E305285FD00DEB2F3 /* MyListManager.swift */; };
		747142213052862C00DEB2F3 /* MoviePosterGrid.swift in Sources */ = {isa = PBXBuildFile; fileRef = 747142203052862C00DEB2F3 /* MoviePosterGrid.swift */; };
		747142253052868600DEB2F3 /* CategoryChip.swift in Sources */ = {isa = PBXBuildFile; fileRef = 747142243052868600DEB2F3 /* CategoryChip.swift */; };
		74714229305286C800DEB2F3 /* MyListView.swift in Sources */ = {isa = PBXBuildFile; fileRef = 74714228305286C800DEB2F3 /* MyListView.swift */; };
		7471422D30528EF700DEB2F3 /* ExploreViewModel.swift in Sources */ = {isa = PBXBuildFile; fileRef = 7471422C30528EF700DEB2F3 /* ExploreViewModel.swift */; };
		7471422F30528F0D00DEB2F3 /* SearchSuggestionRow.swift in Sources */ = {isa = PBXBuildFile; fileRef = 7471422E30528F0D00DEB2F3 /* SearchSuggestionRow.swift */; };
		7471423130528F3600DEB2F3 /* NotFoundView.swift in Sources */ = {isa = PBXBuildFile; fileRef = 7471423030528F3600DEB2F3 /* NotFoundView.swift */; };
		7471423730528F6600DEB2F3 /* FilterSheetView.swift in Sources */ = {isa = PBXBuildFile; fileRef = 7471423530528F6600DEB2F3 /* FilterSheetView.swift */; };
		7471423B30528FA300DEB2F3 /* ExploreView.swift in Sources */ = {isa = PBXBuildFile; fileRef = 7471423A30528FA300DEB2F3 /* ExploreView.swift */; };
		74ACC754305131B600932D4A /* MovieListView.swift in Sources */ = {isa = PBXBuildFile; fileRef = 74ACC753305131B500932D4A /* MovieListView.swift */; };
		74ACC76030513AE700932D4A /* CapsuleButtonStyle.swift in Sources */ = {isa = PBXBuildFile; fileRef = 74ACC75C30513AE700932D4A /* CapsuleButtonStyle.swift */; };
		74ACC76130513AE700932D4A /* ErrorTextStyle.swift in Sources */ = {isa = PBXBuildFile; fileRef = 74ACC75D30513AE700932D4A /* ErrorTextStyle.swift */; };
		74ACC76230513AE700932D4A /* SectionTitleStyle.swift in Sources */ = {isa = PBXBuildFile; fileRef = 74ACC75E30513AE700932D4A /* SectionTitleStyle.swift */; };
		74ACC76430516DB400932D4A /* AuthFieldStyle.swift in Sources */ = {isa = PBXBuildFile; fileRef = 74ACC76330516DB400932D4A /* AuthFieldStyle.swift */; };
		74ACC76630516DD000932D4A /* AuthTitleStyle.swift in Sources */ = {isa = PBXBuildFile; fileRef = 74ACC76530516DD000932D4A /* AuthTitleStyle.swift */; };
		74ACC76830516DDF00932D4A /* AuthScreenBackground.swift in Sources */ = {isa = PBXBuildFile; fileRef = 74ACC76730516DDF00932D4A /* AuthScreenBackground.swift */; };
		74ACC76A30516DF000932D4A /* BorderedCardStyle.swift in Sources */ = {isa = PBXBuildFile; fileRef = 74ACC76930516DF000932D4A /* BorderedCardStyle.swift */; };
		74ACC76C3051741D00932D4A /* MovieDetailView.swift in Sources */ = {isa = PBXBuildFile; fileRef = 74ACC76B3051741D00932D4A /* MovieDetailView.swift */; };
/* End PBXBuildFile section */

/* Begin PBXFileReference section */
		7412F90C3057CADB006E338B /* DownloadedMovie.swift */ = {isa = PBXFileReference; lastKnownFileType = sourcecode.swift; path = DownloadedMovie.swift; sourceTree = "<group>"; };
		7412F90E3057CB1F006E338B /* DownloadRow.swift */ = {isa = PBXFileReference; lastKnownFileType = sourcecode.swift; path = DownloadRow.swift; sourceTree = "<group>"; };
		7412F9163057CDD0006E338B /* DownloadManager.swift */ = {isa = PBXFileReference; lastKnownFileType = sourcecode.swift; path = DownloadManager.swift; sourceTree = "<group>"; };
		7412F9183057CEC6006E338B /* DeleteDownloadSheet.swift */ = {isa = PBXFileReference; lastKnownFileType = sourcecode.swift; path = DeleteDownloadSheet.swift; sourceTree = "<group>"; };
		7412F9193057CEC6006E338B /* DownloadView.swift */ = {isa = PBXFileReference; lastKnownFileType = sourcecode.swift; path = DownloadView.swift; sourceTree = "<group>"; };
		7436452E304EDA0C001137C1 /* MovaApp.swift */ = {isa = PBXFileReference; lastKnownFileType = sourcecode.swift; path = MovaApp.swift; sourceTree = "<group>"; };
		74364532304EDA0C001137C1 /* Secrets.xcconfig */ = {isa = PBXFileReference; lastKnownFileType = text.xcconfig; path = Secrets.xcconfig; sourceTree = "<group>"; };
		74364535304EDA0C001137C1 /* AuthFooterLink.swift */ = {isa = PBXFileReference; lastKnownFileType = sourcecode.swift; path = AuthFooterLink.swift; sourceTree = "<group>"; };
		74364536304EDA0C001137C1 /* AuthLogo.swift */ = {isa = PBXFileReference; lastKnownFileType = sourcecode.swift; path = AuthLogo.swift; sourceTree = "<group>"; };
		74364537304EDA0C001137C1 /* BackButton.swift */ = {isa = PBXFileReference; lastKnownFileType = sourcecode.swift; path = BackButton.swift; sourceTree = "<group>"; };
		74364538304EDA0C001137C1 /* CircleSocialButton.swift */ = {isa = PBXFileReference; lastKnownFileType = sourcecode.swift; path = CircleSocialButton.swift; sourceTree = "<group>"; };
		74364539304EDA0C001137C1 /* EmailField.swift */ = {isa = PBXFileReference; lastKnownFileType = sourcecode.swift; path = EmailField.swift; sourceTree = "<group>"; };
		7436453A304EDA0C001137C1 /* FeaturedMovieBanner.swift */ = {isa = PBXFileReference; lastKnownFileType = sourcecode.swift; path = FeaturedMovieBanner.swift; sourceTree = "<group>"; };
		7436453B304EDA0C001137C1 /* IllustrationCircle.swift */ = {isa = PBXFileReference; lastKnownFileType = sourcecode.swift; path = IllustrationCircle.swift; sourceTree = "<group>"; };
		7436453C304EDA0C001137C1 /* MoviePosterCard.swift */ = {isa = PBXFileReference; lastKnownFileType = sourcecode.swift; path = MoviePosterCard.swift; sourceTree = "<group>"; };
		7436453D304EDA0C001137C1 /* OrDivider.swift */ = {isa = PBXFileReference; lastKnownFileType = sourcecode.swift; path = OrDivider.swift; sourceTree = "<group>"; };
		7436453E304EDA0C001137C1 /* PasswordField.swift */ = {isa = PBXFileReference; lastKnownFileType = sourcecode.swift; path = PasswordField.swift; sourceTree = "<group>"; };
		7436453F304EDA0C001137C1 /* PrimaryButton.swift */ = {isa = PBXFileReference; lastKnownFileType = sourcecode.swift; path = PrimaryButton.swift; sourceTree = "<group>"; };
		74364540304EDA0C001137C1 /* RememberMeToggle.swift */ = {isa = PBXFileReference; lastKnownFileType = sourcecode.swift; path = RememberMeToggle.swift; sourceTree = "<group>"; };
		74364541304EDA0C001137C1 /* SocialIconsRow.swift */ = {isa = PBXFileReference; lastKnownFileType = sourcecode.swift; path = SocialIconsRow.swift; sourceTree = "<group>"; };
		74364542304EDA0C001137C1 /* SocialLoginButton.swift */ = {isa = PBXFileReference; lastKnownFileType = sourcecode.swift; path = SocialLoginButton.swift; sourceTree = "<group>"; };
		74364543304EDA0C001137C1 /* UsernameField.swift */ = {isa = PBXFileReference; lastKnownFileType = sourcecode.swift; path = UsernameField.swift; sourceTree = "<group>"; };
		74364545304EDA0C001137C1 /* Movie.swift */ = {isa = PBXFileReference; lastKnownFileType = sourcecode.swift; path = Movie.swift; sourceTree = "<group>"; };
		74364546304EDA0C001137C1 /* User.swift */ = {isa = PBXFileReference; lastKnownFileType = sourcecode.swift; path = User.swift; sourceTree = "<group>"; };
		74364548304EDA0C001137C1 /* TMDBService.swift */ = {isa = PBXFileReference; lastKnownFileType = sourcecode.swift; path = TMDBService.swift; sourceTree = "<group>"; };
		7436454A304EDA0C001137C1 /* Assets.xcassets */ = {isa = PBXFileReference; lastKnownFileType = folder.assetcatalog; path = Assets.xcassets; sourceTree = "<group>"; };
		7436454B304EDA0C001137C1 /* GoogleService-Info.plist */ = {isa = PBXFileReference; lastKnownFileType = text.plist.xml; path = "GoogleService-Info.plist"; sourceTree = "<group>"; };
		7436455C304EDA0C001137C1 /* PageIndicator.swift */ = {isa = PBXFileReference; lastKnownFileType = sourcecode.swift; path = PageIndicator.swift; sourceTree = "<group>"; };
		74364560304EDA0C001137C1 /* Info.plist */ = {isa = PBXFileReference; lastKnownFileType = text.plist.xml; path = Info.plist; sourceTree = "<group>"; };
		744ABAE1304FDEA200143AD5 /* ContentView.swift */ = {isa = PBXFileReference; lastKnownFileType = sourcecode.swift; path = ContentView.swift; sourceTree = "<group>"; };
		744ABAF1304FDF4900143AD5 /* MainTabView.swift */ = {isa = PBXFileReference; lastKnownFileType = sourcecode.swift; path = MainTabView.swift; sourceTree = "<group>"; };
		744ABAF3304FDFB300143AD5 /* SplashView.swift */ = {isa = PBXFileReference; lastKnownFileType = sourcecode.swift; path = SplashView.swift; sourceTree = "<group>"; };
		744ABAF4304FDFB300143AD5 /* OnboardingView.swift */ = {isa = PBXFileReference; lastKnownFileType = sourcecode.swift; path = OnboardingView.swift; sourceTree = "<group>"; };
		744ABAF5304FDFB300143AD5 /* LetsYouInView.swift */ = {isa = PBXFileReference; lastKnownFileType = sourcecode.swift; path = LetsYouInView.swift; sourceTree = "<group>"; };
		744ABAF6304FDFB300143AD5 /* SignUpView.swift */ = {isa = PBXFileReference; lastKnownFileType = sourcecode.swift; path = SignUpView.swift; sourceTree = "<group>"; };
		744ABAF7304FDFB300143AD5 /* LoginView.swift */ = {isa = PBXFileReference; lastKnownFileType = sourcecode.swift; path = LoginView.swift; sourceTree = "<group>"; };
		744ABAFD304FDFE400143AD5 /* AuthViewModel.swift */ = {isa = PBXFileReference; lastKnownFileType = sourcecode.swift; path = AuthViewModel.swift; sourceTree = "<group>"; };
		744ABAFF304FDFED00143AD5 /* AuthService.swift */ = {isa = PBXFileReference; lastKnownFileType = sourcecode.swift; path = AuthService.swift; sourceTree = "<group>"; };
		744ABB01304FE05000143AD5 /* HomeView.swift */ = {isa = PBXFileReference; lastKnownFileType = sourcecode.swift; path = HomeView.swift; sourceTree = "<group>"; };
		744ABB03304FE05600143AD5 /* HomeViewModel.swift */ = {isa = PBXFileReference; lastKnownFileType = sourcecode.swift; path = HomeViewModel.swift; sourceTree = "<group>"; };
		744ABB05304FE07F00143AD5 /* ProfileView.swift */ = {isa = PBXFileReference; lastKnownFileType = sourcecode.swift; path = ProfileView.swift; sourceTree = "<group>"; };
		744ABB07304FF5EB00143AD5 /* ProfileMenuRow.swift */ = {isa = PBXFileReference; lastKnownFileType = sourcecode.swift; path = ProfileMenuRow.swift; sourceTree = "<group>"; };
		7471421E305285FD00DEB2F3 /* MyListManager.swift */ = {isa = PBXFileReference; lastKnownFileType = sourcecode.swift; path = MyListManager.swift; sourceTree = "<group>"; };
		747142203052862C00DEB2F3 /* MoviePosterGrid.swift */ = {isa = PBXFileReference; lastKnownFileType = sourcecode.swift; path = MoviePosterGrid.swift; sourceTree = "<group>"; };
		747142243052868600DEB2F3 /* CategoryChip.swift */ = {isa = PBXFileReference; lastKnownFileType = sourcecode.swift; path = CategoryChip.swift; sourceTree = "<group>"; };
		74714228305286C800DEB2F3 /* MyListView.swift */ = {isa = PBXFileReference; lastKnownFileType = sourcecode.swift; path = MyListView.swift; sourceTree = "<group>"; };
		7471422C30528EF700DEB2F3 /* ExploreViewModel.swift */ = {isa = PBXFileReference; lastKnownFileType = sourcecode.swift; path = ExploreViewModel.swift; sourceTree = "<group>"; };
		7471422E30528F0D00DEB2F3 /* SearchSuggestionRow.swift */ = {isa = PBXFileReference; lastKnownFileType = sourcecode.swift; path = SearchSuggestionRow.swift; sourceTree = "<group>"; };
		7471423030528F3600DEB2F3 /* NotFoundView.swift */ = {isa = PBXFileReference; lastKnownFileType = sourcecode.swift; path = NotFoundView.swift; sourceTree = "<group>"; };
		7471423530528F6600DEB2F3 /* FilterSheetView.swift */ = {isa = PBXFileReference; lastKnownFileType = sourcecode.swift; path = FilterSheetView.swift; sourceTree = "<group>"; };
		7471423A30528FA300DEB2F3 /* ExploreView.swift */ = {isa = PBXFileReference; lastKnownFileType = sourcecode.swift; path = ExploreView.swift; sourceTree = "<group>"; };
		74ACC753305131B500932D4A /* MovieListView.swift */ = {isa = PBXFileReference; lastKnownFileType = sourcecode.swift; path = MovieListView.swift; sourceTree = "<group>"; };
		74ACC75C30513AE700932D4A /* CapsuleButtonStyle.swift */ = {isa = PBXFileReference; lastKnownFileType = sourcecode.swift; path = CapsuleButtonStyle.swift; sourceTree = "<group>"; };
		74ACC75D30513AE700932D4A /* ErrorTextStyle.swift */ = {isa = PBXFileReference; lastKnownFileType = sourcecode.swift; path = ErrorTextStyle.swift; sourceTree = "<group>"; };
		74ACC75E30513AE700932D4A /* SectionTitleStyle.swift */ = {isa = PBXFileReference; lastKnownFileType = sourcecode.swift; path = SectionTitleStyle.swift; sourceTree = "<group>"; };
		74ACC76330516DB400932D4A /* AuthFieldStyle.swift */ = {isa = PBXFileReference; lastKnownFileType = sourcecode.swift; path = AuthFieldStyle.swift; sourceTree = "<group>"; };
		74ACC76530516DD000932D4A /* AuthTitleStyle.swift */ = {isa = PBXFileReference; lastKnownFileType = sourcecode.swift; path = AuthTitleStyle.swift; sourceTree = "<group>"; };
		74ACC76730516DDF00932D4A /* AuthScreenBackground.swift */ = {isa = PBXFileReference; lastKnownFileType = sourcecode.swift; path = AuthScreenBackground.swift; sourceTree = "<group>"; };
		74ACC76930516DF000932D4A /* BorderedCardStyle.swift */ = {isa = PBXFileReference; lastKnownFileType = sourcecode.swift; path = BorderedCardStyle.swift; sourceTree = "<group>"; };
		74ACC76B3051741D00932D4A /* MovieDetailView.swift */ = {isa = PBXFileReference; lastKnownFileType = sourcecode.swift; path = MovieDetailView.swift; sourceTree = "<group>"; };
		74B988DF30497C1F00DCB975 /* Mova.app */ = {isa = PBXFileReference; explicitFileType = wrapper.application; includeInIndex = 0; path = Mova.app; sourceTree = BUILT_PRODUCTS_DIR; };
/* End PBXFileReference section */

/* Begin PBXFrameworksBuildPhase section */
		74B988DC30497C1F00DCB975 /* Frameworks */ = {
			isa = PBXFrameworksBuildPhase;
			buildActionMask = 2147483647;
			files = (
				74364496304E97C4001137C1 /* FirebaseCore in Frameworks */,
				7436449A304E97C4001137C1 /* FirebaseStorage in Frameworks */,
				74364494304E97C4001137C1 /* FirebaseAuth in Frameworks */,
				74364498304E97C4001137C1 /* FirebaseFirestore in Frameworks */,
			);
			runOnlyForDeploymentPostprocessing = 0;
		};
/* End PBXFrameworksBuildPhase section */

/* Begin PBXGroup section */
		7412F91A3057CEC6006E338B /* View */ = {
			isa = PBXGroup;
			children = (
				7412F9183057CEC6006E338B /* DeleteDownloadSheet.swift */,
				7412F9193057CEC6006E338B /* DownloadView.swift */,
			);
			path = View;
			sourceTree = "<group>";
		};
		7412F91B3057CEC6006E338B /* Download */ = {
			isa = PBXGroup;
			children = (
				7412F91A3057CEC6006E338B /* View */,
			);
			path = Download;
			sourceTree = "<group>";
		};
		7436452F304EDA0C001137C1 /* App */ = {
			isa = PBXGroup;
			children = (
				7436452E304EDA0C001137C1 /* MovaApp.swift */,
				744ABAE1304FDEA200143AD5 /* ContentView.swift */,
			);
			path = App;
			sourceTree = "<group>";
		};
		74364544304EDA0C001137C1 /* Components */ = {
			isa = PBXGroup;
			children = (
				7412F90E3057CB1F006E338B /* DownloadRow.swift */,
				7471423030528F3600DEB2F3 /* NotFoundView.swift */,
				7471422E30528F0D00DEB2F3 /* SearchSuggestionRow.swift */,
				747142243052868600DEB2F3 /* CategoryChip.swift */,
				747142203052862C00DEB2F3 /* MoviePosterGrid.swift */,
				744ABB07304FF5EB00143AD5 /* ProfileMenuRow.swift */,
				74364535304EDA0C001137C1 /* AuthFooterLink.swift */,
				74364536304EDA0C001137C1 /* AuthLogo.swift */,
				74364537304EDA0C001137C1 /* BackButton.swift */,
				74364538304EDA0C001137C1 /* CircleSocialButton.swift */,
				74364539304EDA0C001137C1 /* EmailField.swift */,
				7436453A304EDA0C001137C1 /* FeaturedMovieBanner.swift */,
				7436453B304EDA0C001137C1 /* IllustrationCircle.swift */,
				7436453C304EDA0C001137C1 /* MoviePosterCard.swift */,
				7436453D304EDA0C001137C1 /* OrDivider.swift */,
				7436453E304EDA0C001137C1 /* PasswordField.swift */,
				7436453F304EDA0C001137C1 /* PrimaryButton.swift */,
				74364540304EDA0C001137C1 /* RememberMeToggle.swift */,
				74364541304EDA0C001137C1 /* SocialIconsRow.swift */,
				74364542304EDA0C001137C1 /* SocialLoginButton.swift */,
				74364543304EDA0C001137C1 /* UsernameField.swift */,
				7436455C304EDA0C001137C1 /* PageIndicator.swift */,
			);
			path = Components;
			sourceTree = "<group>";
		};
		74364547304EDA0C001137C1 /* Models */ = {
			isa = PBXGroup;
			children = (
				74364545304EDA0C001137C1 /* Movie.swift */,
				74364546304EDA0C001137C1 /* User.swift */,
			);
			path = Models;
			sourceTree = "<group>";
		};
		74364549304EDA0C001137C1 /* Networking */ = {
			isa = PBXGroup;
			children = (
				74364548304EDA0C001137C1 /* TMDBService.swift */,
			);
			path = Networking;
			sourceTree = "<group>";
		};
		7436454C304EDA0C001137C1 /* Resources */ = {
			isa = PBXGroup;
			children = (
				7436454A304EDA0C001137C1 /* Assets.xcassets */,
				7436454B304EDA0C001137C1 /* GoogleService-Info.plist */,
				74364560304EDA0C001137C1 /* Info.plist */,
				74364532304EDA0C001137C1 /* Secrets.xcconfig */,
			);
			path = Resources;
			sourceTree = "<group>";
		};
		74364561304EDA0C001137C1 /* Mova */ = {
			isa = PBXGroup;
			children = (
				7436452F304EDA0C001137C1 /* App */,
				744ABAD6304FDD1200143AD5 /* Core */,
				744ABAE0304FDDFA00143AD5 /* Features */,
				74364547304EDA0C001137C1 /* Models */,
				74364544304EDA0C001137C1 /* Components */,
				7436454C304EDA0C001137C1 /* Resources */,
			);
			path = Mova;
			sourceTree = "<group>";
		};
		744ABAD5304FDD1200143AD5 /* Constants */ = {
			isa = PBXGroup;
			children = (
			);
			path = Constants;
			sourceTree = "<group>";
		};
		744ABAD6304FDD1200143AD5 /* Core */ = {
			isa = PBXGroup;
			children = (
				7471421D305285FA00DEB2F3 /* State */,
				74ACC75F30513AE700932D4A /* Styles */,
				744ABAD5304FDD1200143AD5 /* Constants */,
				74364549304EDA0C001137C1 /* Networking */,
			);
			path = Core;
			sourceTree = "<group>";
		};
		744ABADD304FDDFA00143AD5 /* Home */ = {
			isa = PBXGroup;
			children = (
				744ABAEE304FDF2300143AD5 /* View */,
				744ABAEF304FDF2C00143AD5 /* ViewModel */,
			);
			path = Home;
			sourceTree = "<group>";
		};
		744ABADE304FDDFA00143AD5 /* MainTab */ = {
			isa = PBXGroup;
			children = (
				744ABAF1304FDF4900143AD5 /* MainTabView.swift */,
			);
			path = MainTab;
			sourceTree = "<group>";
		};
		744ABADF304FDDFA00143AD5 /* Profile */ = {
			isa = PBXGroup;
			children = (
				744ABAF0304FDF3500143AD5 /* View */,
			);
			path = Profile;
			sourceTree = "<group>";
		};
		744ABAE0304FDDFA00143AD5 /* Features */ = {
			isa = PBXGroup;
			children = (
				744ABAED304FDEF900143AD5 /* Auth */,
				744ABADE304FDDFA00143AD5 /* MainTab */,
				744ABADD304FDDFA00143AD5 /* Home */,
				7471422B30528EE500DEB2F3 /* Explore */,
				74714227305286B100DEB2F3 /* MyList */,
				7412F91B3057CEC6006E338B /* Download */,
				744ABADF304FDDFA00143AD5 /* Profile */,
			);
			path = Features;
			sourceTree = "<group>";
		};
		744ABAEA304FDEF900143AD5 /* Service */ = {
			isa = PBXGroup;
			children = (
				744ABAFF304FDFED00143AD5 /* AuthService.swift */,
			);
			path = Service;
			sourceTree = "<group>";
		};
		744ABAEB304FDEF900143AD5 /* View */ = {
			isa = PBXGroup;
			children = (
				744ABAF3304FDFB300143AD5 /* SplashView.swift */,
				744ABAF4304FDFB300143AD5 /* OnboardingView.swift */,
				744ABAF5304FDFB300143AD5 /* LetsYouInView.swift */,
				744ABAF6304FDFB300143AD5 /* SignUpView.swift */,
				744ABAF7304FDFB300143AD5 /* LoginView.swift */,
			);
			path = View;
			sourceTree = "<group>";
		};
		744ABAEC304FDEF900143AD5 /* ViewModel */ = {
			isa = PBXGroup;
			children = (
				744ABAFD304FDFE400143AD5 /* AuthViewModel.swift */,
			);
			path = ViewModel;
			sourceTree = "<group>";
		};
		744ABAED304FDEF900143AD5 /* Auth */ = {
			isa = PBXGroup;
			children = (
				744ABAEB304FDEF900143AD5 /* View */,
				744ABAEC304FDEF900143AD5 /* ViewModel */,
				744ABAEA304FDEF900143AD5 /* Service */,
			);
			path = Auth;
			sourceTree = "<group>";
		};
		744ABAEE304FDF2300143AD5 /* View */ = {
			isa = PBXGroup;
			children = (
				744ABB01304FE05000143AD5 /* HomeView.swift */,
				74ACC76B3051741D00932D4A /* MovieDetailView.swift */,
				74ACC753305131B500932D4A /* MovieListView.swift */,
			);
			path = View;
			sourceTree = "<group>";
		};
		744ABAEF304FDF2C00143AD5 /* ViewModel */ = {
			isa = PBXGroup;
			children = (
				744ABB03304FE05600143AD5 /* HomeViewModel.swift */,
			);
			path = ViewModel;
			sourceTree = "<group>";
		};
		744ABAF0304FDF3500143AD5 /* View */ = {
			isa = PBXGroup;
			children = (
				744ABB05304FE07F00143AD5 /* ProfileView.swift */,
			);
			path = View;
			sourceTree = "<group>";
		};
		7471421D305285FA00DEB2F3 /* State */ = {
			isa = PBXGroup;
			children = (
				7412F9163057CDD0006E338B /* DownloadManager.swift */,
				7412F90C3057CADB006E338B /* DownloadedMovie.swift */,
				7471421E305285FD00DEB2F3 /* MyListManager.swift */,
			);
			path = State;
			sourceTree = "<group>";
		};
		74714227305286B100DEB2F3 /* MyList */ = {
			isa = PBXGroup;
			children = (
				74714228305286C800DEB2F3 /* MyListView.swift */,
			);
			path = MyList;
			sourceTree = "<group>";
		};
		7471422B30528EE500DEB2F3 /* Explore */ = {
			isa = PBXGroup;
			children = (
				7471423630528F6600DEB2F3 /* View */,
				7471423930528F7100DEB2F3 /* ViewModel */,
			);
			path = Explore;
			sourceTree = "<group>";
		};
		7471423630528F6600DEB2F3 /* View */ = {
			isa = PBXGroup;
			children = (
				7471423A30528FA300DEB2F3 /* ExploreView.swift */,
				7471423530528F6600DEB2F3 /* FilterSheetView.swift */,
			);
			path = View;
			sourceTree = "<group>";
		};
		7471423930528F7100DEB2F3 /* ViewModel */ = {
			isa = PBXGroup;
			children = (
				7471422C30528EF700DEB2F3 /* ExploreViewModel.swift */,
			);
			path = ViewModel;
			sourceTree = "<group>";
		};
		74ACC75F30513AE700932D4A /* Styles */ = {
			isa = PBXGroup;
			children = (
				74ACC76930516DF000932D4A /* BorderedCardStyle.swift */,
				74ACC76730516DDF00932D4A /* AuthScreenBackground.swift */,
				74ACC76530516DD000932D4A /* AuthTitleStyle.swift */,
				74ACC76330516DB400932D4A /* AuthFieldStyle.swift */,
				74ACC75C30513AE700932D4A /* CapsuleButtonStyle.swift */,
				74ACC75D30513AE700932D4A /* ErrorTextStyle.swift */,
				74ACC75E30513AE700932D4A /* SectionTitleStyle.swift */,
			);
			path = Styles;
			sourceTree = "<group>";
		};
		74B988D630497C1F00DCB975 = {
			isa = PBXGroup;
			children = (
				74364561304EDA0C001137C1 /* Mova */,
				74B988E030497C1F00DCB975 /* Products */,
			);
			sourceTree = "<group>";
		};
		74B988E030497C1F00DCB975 /* Products */ = {
			isa = PBXGroup;
			children = (
				74B988DF30497C1F00DCB975 /* Mova.app */,
			);
			name = Products;
			sourceTree = "<group>";
		};
/* End PBXGroup section */

/* Begin PBXNativeTarget section */
		74B988DE30497C1F00DCB975 /* Mova */ = {
			isa = PBXNativeTarget;
			buildConfigurationList = 74B988EA30497C2000DCB975 /* Build configuration list for PBXNativeTarget "Mova" */;
			buildPhases = (
				74B988DB30497C1F00DCB975 /* Sources */,
				74B988DC30497C1F00DCB975 /* Frameworks */,
				74B988DD30497C1F00DCB975 /* Resources */,
			);
			buildRules = (
			);
			dependencies = (
			);
			name = Mova;
			packageProductDependencies = (
				74364493304E97C4001137C1 /* FirebaseAuth */,
				74364495304E97C4001137C1 /* FirebaseCore */,
				74364497304E97C4001137C1 /* FirebaseFirestore */,
				74364499304E97C4001137C1 /* FirebaseStorage */,
			);
			productName = Mova;
			productReference = 74B988DF30497C1F00DCB975 /* Mova.app */;
			productType = "com.apple.product-type.application";
		};
/* End PBXNativeTarget section */

/* Begin PBXProject section */
		74B988D730497C1F00DCB975 /* Project object */ = {
			isa = PBXProject;
			attributes = {
				BuildIndependentTargetsInParallel = 1;
				LastSwiftUpdateCheck = 2640;
				LastUpgradeCheck = 2640;
				TargetAttributes = {
					74B988DE30497C1F00DCB975 = {
						CreatedOnToolsVersion = 26.4;
					};
				};
			};
			buildConfigurationList = 74B988DA30497C1F00DCB975 /* Build configuration list for PBXProject "Mova" */;
			developmentRegion = en;
			hasScannedForEncodings = 0;
			knownRegions = (
				en,
				Base,
			);
			mainGroup = 74B988D630497C1F00DCB975;
			minimizedProjectReferenceProxies = 1;
			packageReferences = (
				74364491304E94FF001137C1 /* XCRemoteSwiftPackageReference "firebase-ios-sdk" */,
			);
			preferredProjectObjectVersion = 77;
			productRefGroup = 74B988E030497C1F00DCB975 /* Products */;
			projectDirPath = "";
			projectRoot = "";
			targets = (
				74B988DE30497C1F00DCB975 /* Mova */,
			);
		};
/* End PBXProject section */

/* Begin PBXResourcesBuildPhase section */
		74B988DD30497C1F00DCB975 /* Resources */ = {
			isa = PBXResourcesBuildPhase;
			buildActionMask = 2147483647;
			files = (
				74364562304EDA0C001137C1 /* Secrets.xcconfig in Resources */,
				74364563304EDA0C001137C1 /* Assets.xcassets in Resources */,
				74364564304EDA0C001137C1 /* GoogleService-Info.plist in Resources */,
			);
			runOnlyForDeploymentPostprocessing = 0;
		};
/* End PBXResourcesBuildPhase section */

/* Begin PBXSourcesBuildPhase section */
		74B988DB30497C1F00DCB975 /* Sources */ = {
			isa = PBXSourcesBuildPhase;
			buildActionMask = 2147483647;
			files = (
				74364566304EDA0C001137C1 /* MovaApp.swift in Sources */,
				7412F90D3057CADB006E338B /* DownloadedMovie.swift in Sources */,
				74364569304EDA0C001137C1 /* AuthFooterLink.swift in Sources */,
				7471423730528F6600DEB2F3 /* FilterSheetView.swift in Sources */,
				744ABAF2304FDF4900143AD5 /* MainTabView.swift in Sources */,
				74ACC754305131B600932D4A /* MovieListView.swift in Sources */,
				7436456A304EDA0C001137C1 /* AuthLogo.swift in Sources */,
				7436456B304EDA0C001137C1 /* BackButton.swift in Sources */,
				74ACC76C3051741D00932D4A /* MovieDetailView.swift in Sources */,
				7436456C304EDA0C001137C1 /* CircleSocialButton.swift in Sources */,
				7436456D304EDA0C001137C1 /* EmailField.swift in Sources */,
				7436456E304EDA0C001137C1 /* FeaturedMovieBanner.swift in Sources */,
				7412F91C3057CEC6006E338B /* DeleteDownloadSheet.swift in Sources */,
				7412F91D3057CEC6006E338B /* DownloadView.swift in Sources */,
				7471422F30528F0D00DEB2F3 /* SearchSuggestionRow.swift in Sources */,
				7436456F304EDA0C001137C1 /* IllustrationCircle.swift in Sources */,
				7412F90F3057CB1F006E338B /* DownloadRow.swift in Sources */,
				74364570304EDA0C001137C1 /* MoviePosterCard.swift in Sources */,
				74364571304EDA0C001137C1 /* OrDivider.swift in Sources */,
				74364572304EDA0C001137C1 /* PasswordField.swift in Sources */,
				74364573304EDA0C001137C1 /* PrimaryButton.swift in Sources */,
				74ACC76430516DB400932D4A /* AuthFieldStyle.swift in Sources */,
				7471421F305285FD00DEB2F3 /* MyListManager.swift in Sources */,
				74364574304EDA0C001137C1 /* RememberMeToggle.swift in Sources */,
				74364575304EDA0C001137C1 /* SocialIconsRow.swift in Sources */,
				744ABB04304FE05600143AD5 /* HomeViewModel.swift in Sources */,
				74364576304EDA0C001137C1 /* SocialLoginButton.swift in Sources */,
				744ABAE2304FDEA200143AD5 /* ContentView.swift in Sources */,
				74ACC76A30516DF000932D4A /* BorderedCardStyle.swift in Sources */,
				7412F9173057CDD0006E338B /* DownloadManager.swift in Sources */,
				74364577304EDA0C001137C1 /* UsernameField.swift in Sources */,
				744ABAF8304FDFB300143AD5 /* SplashView.swift in Sources */,
				744ABAF9304FDFB300143AD5 /* SignUpView.swift in Sources */,
				74ACC76830516DDF00932D4A /* AuthScreenBackground.swift in Sources */,
				744ABAFA304FDFB300143AD5 /* LoginView.swift in Sources */,
				74714229305286C800DEB2F3 /* MyListView.swift in Sources */,
				744ABAFB304FDFB300143AD5 /* LetsYouInView.swift in Sources */,
				74ACC76630516DD000932D4A /* AuthTitleStyle.swift in Sources */,
				744ABAFC304FDFB300143AD5 /* OnboardingView.swift in Sources */,
				7471423130528F3600DEB2F3 /* NotFoundView.swift in Sources */,
				7471422D30528EF700DEB2F3 /* ExploreViewModel.swift in Sources */,
				74364578304EDA0C001137C1 /* Movie.swift in Sources */,
				744ABB00304FDFED00143AD5 /* AuthService.swift in Sources */,
				747142253052868600DEB2F3 /* CategoryChip.swift in Sources */,
				74ACC76030513AE700932D4A /* CapsuleButtonStyle.swift in Sources */,
				74ACC76130513AE700932D4A /* ErrorTextStyle.swift in Sources */,
				747142213052862C00DEB2F3 /* MoviePosterGrid.swift in Sources */,
				74ACC76230513AE700932D4A /* SectionTitleStyle.swift in Sources */,
				744ABB08304FF5EB00143AD5 /* ProfileMenuRow.swift in Sources */,
				744ABB02304FE05000143AD5 /* HomeView.swift in Sources */,
				74364579304EDA0C001137C1 /* User.swift in Sources */,
				7471423B30528FA300DEB2F3 /* ExploreView.swift in Sources */,
				744ABAFE304FDFE400143AD5 /* AuthViewModel.swift in Sources */,
				7436457A304EDA0C001137C1 /* TMDBService.swift in Sources */,
				744ABB06304FE07F00143AD5 /* ProfileView.swift in Sources */,
				74364583304EDA0C001137C1 /* PageIndicator.swift in Sources */,
			);
			runOnlyForDeploymentPostprocessing = 0;
		};
/* End PBXSourcesBuildPhase section */

/* Begin XCBuildConfiguration section */
		74B988E830497C2000DCB975 /* Debug */ = {
			isa = XCBuildConfiguration;
			baseConfigurationReference = 74364532304EDA0C001137C1 /* Secrets.xcconfig */;
			buildSettings = {
				ALWAYS_SEARCH_USER_PATHS = NO;
				ASSETCATALOG_COMPILER_GENERATE_SWIFT_ASSET_SYMBOL_EXTENSIONS = YES;
				CLANG_ANALYZER_NONNULL = YES;
				CLANG_ANALYZER_NUMBER_OBJECT_CONVERSION = YES_AGGRESSIVE;
				CLANG_CXX_LANGUAGE_STANDARD = "gnu++20";
				CLANG_ENABLE_MODULES = YES;
				CLANG_ENABLE_OBJC_ARC = YES;
				CLANG_ENABLE_OBJC_WEAK = YES;
				CLANG_WARN_BLOCK_CAPTURE_AUTORELEASING = YES;
				CLANG_WARN_BOOL_CONVERSION = YES;
				CLANG_WARN_COMMA = YES;
				CLANG_WARN_CONSTANT_CONVERSION = YES;
				CLANG_WARN_DEPRECATED_OBJC_IMPLEMENTATIONS = YES;
				CLANG_WARN_DIRECT_OBJC_ISA_USAGE = YES_ERROR;
				CLANG_WARN_DOCUMENTATION_COMMENTS = YES;
				CLANG_WARN_EMPTY_BODY = YES;
				CLANG_WARN_ENUM_CONVERSION = YES;
				CLANG_WARN_INFINITE_RECURSION = YES;
				CLANG_WARN_INT_CONVERSION = YES;
				CLANG_WARN_NON_LITERAL_NULL_CONVERSION = YES;
				CLANG_WARN_OBJC_IMPLICIT_RETAIN_SELF = YES;
				CLANG_WARN_OBJC_LITERAL_CONVERSION = YES;
				CLANG_WARN_OBJC_ROOT_CLASS = YES_ERROR;
				CLANG_WARN_QUOTED_INCLUDE_IN_FRAMEWORK_HEADER = YES;
				CLANG_WARN_RANGE_LOOP_ANALYSIS = YES;
				CLANG_WARN_STRICT_PROTOTYPES = YES;
				CLANG_WARN_SUSPICIOUS_MOVE = YES;
				CLANG_WARN_UNGUARDED_AVAILABILITY = YES_AGGRESSIVE;
				CLANG_WARN_UNREACHABLE_CODE = YES;
				CLANG_WARN__DUPLICATE_METHOD_MATCH = YES;
				COPY_PHASE_STRIP = NO;
				DEBUG_INFORMATION_FORMAT = dwarf;
				ENABLE_STRICT_OBJC_MSGSEND = YES;
				ENABLE_TESTABILITY = YES;
				ENABLE_USER_SCRIPT_SANDBOXING = YES;
				GCC_C_LANGUAGE_STANDARD = gnu17;
				GCC_DYNAMIC_NO_PIC = NO;
				GCC_NO_COMMON_BLOCKS = YES;
				GCC_OPTIMIZATION_LEVEL = 0;
				GCC_PREPROCESSOR_DEFINITIONS = (
					"DEBUG=1",
					"$(inherited)",
				);
				GCC_WARN_64_TO_32_BIT_CONVERSION = YES;
				GCC_WARN_ABOUT_RETURN_TYPE = YES_ERROR;
				GCC_WARN_UNDECLARED_SELECTOR = YES;
				GCC_WARN_UNINITIALIZED_AUTOS = YES_AGGRESSIVE;
				GCC_WARN_UNUSED_FUNCTION = YES;
				GCC_WARN_UNUSED_VARIABLE = YES;
				IPHONEOS_DEPLOYMENT_TARGET = 26.4;
				LOCALIZATION_PREFERS_STRING_CATALOGS = YES;
				MTL_ENABLE_DEBUG_INFO = INCLUDE_SOURCE;
				MTL_FAST_MATH = YES;
				ONLY_ACTIVE_ARCH = YES;
				SDKROOT = iphoneos;
				SWIFT_ACTIVE_COMPILATION_CONDITIONS = "DEBUG $(inherited)";
				SWIFT_OPTIMIZATION_LEVEL = "-Onone";
			};
			name = Debug;
		};
		74B988E930497C2000DCB975 /* Release */ = {
			isa = XCBuildConfiguration;
			baseConfigurationReference = 74364532304EDA0C001137C1 /* Secrets.xcconfig */;
			buildSettings = {
				ALWAYS_SEARCH_USER_PATHS = NO;
				ASSETCATALOG_COMPILER_GENERATE_SWIFT_ASSET_SYMBOL_EXTENSIONS = YES;
				CLANG_ANALYZER_NONNULL = YES;
				CLANG_ANALYZER_NUMBER_OBJECT_CONVERSION = YES_AGGRESSIVE;
				CLANG_CXX_LANGUAGE_STANDARD = "gnu++20";
				CLANG_ENABLE_MODULES = YES;
				CLANG_ENABLE_OBJC_ARC = YES;
				CLANG_ENABLE_OBJC_WEAK = YES;
				CLANG_WARN_BLOCK_CAPTURE_AUTORELEASING = YES;
				CLANG_WARN_BOOL_CONVERSION = YES;
				CLANG_WARN_COMMA = YES;
				CLANG_WARN_CONSTANT_CONVERSION = YES;
				CLANG_WARN_DEPRECATED_OBJC_IMPLEMENTATIONS = YES;
				CLANG_WARN_DIRECT_OBJC_ISA_USAGE = YES_ERROR;
				CLANG_WARN_DOCUMENTATION_COMMENTS = YES;
				CLANG_WARN_EMPTY_BODY = YES;
				CLANG_WARN_ENUM_CONVERSION = YES;
				CLANG_WARN_INFINITE_RECURSION = YES;
				CLANG_WARN_INT_CONVERSION = YES;
				CLANG_WARN_NON_LITERAL_NULL_CONVERSION = YES;
				CLANG_WARN_OBJC_IMPLICIT_RETAIN_SELF = YES;
				CLANG_WARN_OBJC_LITERAL_CONVERSION = YES;
				CLANG_WARN_OBJC_ROOT_CLASS = YES_ERROR;
				CLANG_WARN_QUOTED_INCLUDE_IN_FRAMEWORK_HEADER = YES;
				CLANG_WARN_RANGE_LOOP_ANALYSIS = YES;
				CLANG_WARN_STRICT_PROTOTYPES = YES;
				CLANG_WARN_SUSPICIOUS_MOVE = YES;
				CLANG_WARN_UNGUARDED_AVAILABILITY = YES_AGGRESSIVE;
				CLANG_WARN_UNREACHABLE_CODE = YES;
				CLANG_WARN__DUPLICATE_METHOD_MATCH = YES;
				COPY_PHASE_STRIP = NO;
				DEBUG_INFORMATION_FORMAT = "dwarf-with-dsym";
				ENABLE_NS_ASSERTIONS = NO;
				ENABLE_STRICT_OBJC_MSGSEND = YES;
				ENABLE_USER_SCRIPT_SANDBOXING = YES;
				GCC_C_LANGUAGE_STANDARD = gnu17;
				GCC_NO_COMMON_BLOCKS = YES;
				GCC_WARN_64_TO_32_BIT_CONVERSION = YES;
				GCC_WARN_ABOUT_RETURN_TYPE = YES_ERROR;
				GCC_WARN_UNDECLARED_SELECTOR = YES;
				GCC_WARN_UNINITIALIZED_AUTOS = YES_AGGRESSIVE;
				GCC_WARN_UNUSED_FUNCTION = YES;
				GCC_WARN_UNUSED_VARIABLE = YES;
				IPHONEOS_DEPLOYMENT_TARGET = 26.4;
				LOCALIZATION_PREFERS_STRING_CATALOGS = YES;
				MTL_ENABLE_DEBUG_INFO = NO;
				MTL_FAST_MATH = YES;
				SDKROOT = iphoneos;
				SWIFT_COMPILATION_MODE = wholemodule;
				VALIDATE_PRODUCT = YES;
			};
			name = Release;
		};
		74B988EB30497C2000DCB975 /* Debug */ = {
			isa = XCBuildConfiguration;
			buildSettings = {
				ASSETCATALOG_COMPILER_APPICON_NAME = AppIcon;
				ASSETCATALOG_COMPILER_GLOBAL_ACCENT_COLOR_NAME = AccentColor;
				CODE_SIGN_STYLE = Automatic;
				CURRENT_PROJECT_VERSION = 1;
				DEVELOPMENT_TEAM = "";
				ENABLE_PREVIEWS = YES;
				GENERATE_INFOPLIST_FILE = YES;
				INFOPLIST_FILE = Mova/Resources/Info.plist;
				INFOPLIST_KEY_UIApplicationSceneManifest_Generation = YES;
				INFOPLIST_KEY_UIApplicationSupportsIndirectInputEvents = YES;
				INFOPLIST_KEY_UILaunchScreen_Generation = YES;
				INFOPLIST_KEY_UISupportedInterfaceOrientations_iPad = "UIInterfaceOrientationPortrait UIInterfaceOrientationPortraitUpsideDown UIInterfaceOrientationLandscapeLeft UIInterfaceOrientationLandscapeRight";
				INFOPLIST_KEY_UISupportedInterfaceOrientations_iPhone = "UIInterfaceOrientationPortrait UIInterfaceOrientationLandscapeLeft UIInterfaceOrientationLandscapeRight";
				IPHONEOS_DEPLOYMENT_TARGET = 17.0;
				LD_RUNPATH_SEARCH_PATHS = (
					"$(inherited)",
					"@executable_path/Frameworks",
				);
				MARKETING_VERSION = 1.0;
				PRODUCT_BUNDLE_IDENTIFIER = com.info.Mova;
				PRODUCT_NAME = "$(TARGET_NAME)";
				STRING_CATALOG_GENERATE_SYMBOLS = YES;
				SWIFT_APPROACHABLE_CONCURRENCY = YES;
				SWIFT_DEFAULT_ACTOR_ISOLATION = MainActor;
				SWIFT_EMIT_LOC_STRINGS = YES;
				SWIFT_UPCOMING_FEATURE_MEMBER_IMPORT_VISIBILITY = YES;
				SWIFT_VERSION = 5.0;
				TARGETED_DEVICE_FAMILY = 1;
			};
			name = Debug;
		};
		74B988EC30497C2000DCB975 /* Release */ = {
			isa = XCBuildConfiguration;
			buildSettings = {
				ASSETCATALOG_COMPILER_APPICON_NAME = AppIcon;
				ASSETCATALOG_COMPILER_GLOBAL_ACCENT_COLOR_NAME = AccentColor;
				CODE_SIGN_STYLE = Automatic;
				CURRENT_PROJECT_VERSION = 1;
				DEVELOPMENT_TEAM = "";
				ENABLE_PREVIEWS = YES;
				GENERATE_INFOPLIST_FILE = YES;
				INFOPLIST_FILE = Mova/Resources/Info.plist;
				INFOPLIST_KEY_UIApplicationSceneManifest_Generation = YES;
				INFOPLIST_KEY_UIApplicationSupportsIndirectInputEvents = YES;
				INFOPLIST_KEY_UILaunchScreen_Generation = YES;
				INFOPLIST_KEY_UISupportedInterfaceOrientations_iPad = "UIInterfaceOrientationPortrait UIInterfaceOrientationPortraitUpsideDown UIInterfaceOrientationLandscapeLeft UIInterfaceOrientationLandscapeRight";
				INFOPLIST_KEY_UISupportedInterfaceOrientations_iPhone = "UIInterfaceOrientationPortrait UIInterfaceOrientationLandscapeLeft UIInterfaceOrientationLandscapeRight";
				IPHONEOS_DEPLOYMENT_TARGET = 17.0;
				LD_RUNPATH_SEARCH_PATHS = (
					"$(inherited)",
					"@executable_path/Frameworks",
				);
				MARKETING_VERSION = 1.0;
				PRODUCT_BUNDLE_IDENTIFIER = com.info.Mova;
				PRODUCT_NAME = "$(TARGET_NAME)";
				STRING_CATALOG_GENERATE_SYMBOLS = YES;
				SWIFT_APPROACHABLE_CONCURRENCY = YES;
				SWIFT_DEFAULT_ACTOR_ISOLATION = MainActor;
				SWIFT_EMIT_LOC_STRINGS = YES;
				SWIFT_UPCOMING_FEATURE_MEMBER_IMPORT_VISIBILITY = YES;
				SWIFT_VERSION = 5.0;
				TARGETED_DEVICE_FAMILY = 1;
			};
			name = Release;
		};
/* End XCBuildConfiguration section */

/* Begin XCConfigurationList section */
		74B988DA30497C1F00DCB975 /* Build configuration list for PBXProject "Mova" */ = {
			isa = XCConfigurationList;
			buildConfigurations = (
				74B988E830497C2000DCB975 /* Debug */,
				74B988E930497C2000DCB975 /* Release */,
			);
			defaultConfigurationIsVisible = 0;
			defaultConfigurationName = Release;
		};
		74B988EA30497C2000DCB975 /* Build configuration list for PBXNativeTarget "Mova" */ = {
			isa = XCConfigurationList;
			buildConfigurations = (
				74B988EB30497C2000DCB975 /* Debug */,
				74B988EC30497C2000DCB975 /* Release */,
			);
			defaultConfigurationIsVisible = 0;
			defaultConfigurationName = Release;
		};
/* End XCConfigurationList section */

/* Begin XCRemoteSwiftPackageReference section */
		74364491304E94FF001137C1 /* XCRemoteSwiftPackageReference "firebase-ios-sdk" */ = {
			isa = XCRemoteSwiftPackageReference;
			repositoryURL = "https://github.com/firebase/firebase-ios-sdk";
			requirement = {
				kind = upToNextMajorVersion;
				minimumVersion = 12.18.0;
			};
		};
/* End XCRemoteSwiftPackageReference section */

/* Begin XCSwiftPackageProductDependency section */
		74364493304E97C4001137C1 /* FirebaseAuth */ = {
			isa = XCSwiftPackageProductDependency;
			package = 74364491304E94FF001137C1 /* XCRemoteSwiftPackageReference "firebase-ios-sdk" */;
			productName = FirebaseAuth;
		};
		74364495304E97C4001137C1 /* FirebaseCore */ = {
			isa = XCSwiftPackageProductDependency;
			package = 74364491304E94FF001137C1 /* XCRemoteSwiftPackageReference "firebase-ios-sdk" */;
			productName = FirebaseCore;
		};
		74364497304E97C4001137C1 /* FirebaseFirestore */ = {
			isa = XCSwiftPackageProductDependency;
			package = 74364491304E94FF001137C1 /* XCRemoteSwiftPackageReference "firebase-ios-sdk" */;
			productName = FirebaseFirestore;
		};
		74364499304E97C4001137C1 /* FirebaseStorage */ = {
			isa = XCSwiftPackageProductDependency;
			package = 74364491304E94FF001137C1 /* XCRemoteSwiftPackageReference "firebase-ios-sdk" */;
			productName = FirebaseStorage;
		};
/* End XCSwiftPackageProductDependency section */
	};
	rootObject = 74B988D730497C1F00DCB975 /* Project object */;
}
